Microsoft Visual Studio Solution File, Format Version 11.00
# Visual Studio 2010
Project("{8BC9CEB8-8B4A-11D0-8D11-00A0C91BC942}") = "0 UT2 Code", "0 UT2 Code.vcxproj", "{012F6AE2-4287-43AE-9B20-F70E1260F077}"
EndProject
Project("{8BC9CEB8-8B4A-11D0-8D11-00A0C91BC942}") = "ALAudio", "ALAudio\Src\ALAudio.vcxproj", "{1A04010C-3F69-4890-B4E1-79D0CE6A35D4}"
EndProject
Project("{8BC9CEB8-8B4A-11D0-8D11-00A0C91BC942}") = "Core", "Core\Src\Core.vcxproj", "{2C15D588-1CD2-48D9-A08B-05D27C3273DD}"
EndProject
Project("{8BC9CEB8-8B4A-11D0-8D11-00A0C91BC942}") = "D3DDrv", "D3DDrv\Src\D3DDrv.vcxproj", "{0943CD8E-EED4-43CE-B4AF-E9C3D753769F}"
EndProject
Project("{8BC9CEB8-8B4A-11D0-8D11-00A0C91BC942}") = "Editor", "Editor\Src\Editor.vcxproj", "{F96152CE-8D09-4F16-A1A1-A0AA006BF618}"
EndProject
Project("{8BC9CEB8-8B4A-11D0-8D11-00A0C91BC942}") = "Engine", "Engine\Src\Engine.vcxproj", "{F0FC2F91-1AE6-4C35-9C15-299CD354AAA4}"
EndProject
Project("{8BC9CEB8-8B4A-11D0-8D11-00A0C91BC942}") = "Fire", "Fire\Src\Fire.vcxproj", "{D8722A3B-C147-4DD2-AFE0-A6593E7DF213}"
EndProject
Project("{8BC9CEB8-8B4A-11D0-8D11-00A0C91BC942}") = "Gameplay", "Gameplay\Src\Gameplay.vcxproj", "{CB0676C7-F9BF-47E6-9BEE-894C8E440DE9}"
EndProject
Project("{8BC9CEB8-8B4A-11D0-8D11-00A0C91BC942}") = "IpDrv", "IpDrv\Src\IpDrv.vcxproj", "{5C8BE0C2-2D0D-4CF0-A8C2-FE059BE1161B}"
EndProject
Project("{8BC9CEB8-8B4A-11D0-8D11-00A0C91BC942}") = "Launch", "Launch\Src\Launch.vcxproj", "{19886B8D-9B0C-491E-8C71-2579B4D52761}"
EndProject
Project("{8BC9CEB8-8B4A-11D0-8D11-00A0C91BC942}") = "Setup", "Setup\Src\Setup.vcxproj", "{985FC84E-D4F3-4DAA-8E30-60766081784E}"
EndProject
Project("{8BC9CEB8-8B4A-11D0-8D11-00A0C91BC942}") = "System", "System\System.vcxproj", "{8862AC2F-F80D-4ACD-B976-89B4497131CC}"
EndProject
Project("{8BC9CEB8-8B4A-11D0-8D11-00A0C91BC942}") = "UCC", "UCC\Src\UCC.vcxproj", "{5759E1C1-D00C-422D-A0C3-85D3712A569B}"
EndProject
Project("{8BC9CEB8-8B4A-11D0-8D11-00A0C91BC942}") = "UWeb", "UWeb\Src\UWeb.vcxproj", "{3AE30374-88A2-4127-8A09-9C43FBE04DD0}"
EndProject
Project("{8BC9CEB8-8B4A-11D0-8D11-00A0C91BC942}") = "UccDepend", "UccDepend\UccDepend.vcxproj", "{922BD254-02F8-4351-8A64-65A0085FC27E}"
EndProject
Project("{8BC9CEB8-8B4A-11D0-8D11-00A0C91BC942}") = "UnrealEd", "UnrealEd\Src\UnrealEd.vcxproj", "{2452E490-E5F9-454E-AD3B-104A8E542616}"
EndProject
Project("{8BC9CEB8-8B4A-11D0-8D11-00A0C91BC942}") = "UnrealGame", "UnrealGame\Src\UnrealGame.vcxproj", "{A4835CC9-4192-4E8D-8701-CF0F5C56D76D}"
EndProject
Project("{8BC9CEB8-8B4A-11D0-8D11-00A0C91BC942}") = "WinDrv", "WinDrv\Src\WinDrv.vcxproj", "{7DC9CBBB-ADAF-4A79-B635-E658F8502699}"
EndProject
Project("{8BC9CEB8-8B4A-11D0-8D11-00A0C91BC942}") = "Window", "Window\Src\Window.vcxproj", "{09ECE27B-D4E0-4974-B049-FC7316B2E71C}"
EndProject
Project("{8BC9CEB8-8B4A-11D0-8D11-00A0C91BC942}") = "XEffects", "XEffects\Src\XEffects.vcxproj", "{2B557D11-94C2-4045-840A-ACA1101475DC}"
EndProject
Project("{8BC9CEB8-8B4A-11D0-8D11-00A0C91BC942}") = "XGame", "XGame\XGame.vcxproj", "{BCF8B4BD-E3BA-4C62-B4BB-15F012C6D331}"
EndProject
Project("{8BC9CEB8-8B4A-11D0-8D11-00A0C91BC942}") = "XGame_rc", "XGame_rc\XGame_rc.vcxproj", "{B3878A99-0F64-489C-A3FB-9C95CF995138}"
EndProject
Project("{8BC9CEB8-8B4A-11D0-8D11-00A0C91BC942}") = "XInterface", "XInterface\XInterface.vcxproj", "{687C1A13-0481-412B-B6FB-BCA8A5DCB29C}"
EndProject
Project("{8BC9CEB8-8B4A-11D0-8D11-00A0C91BC942}") = "XPickups", "XPickups\XPickups.vcxproj", "{432F09A8-B6D8-4D6C-9176-C4D604CE05BB}"
EndProject
Project("{8BC9CEB8-8B4A-11D0-8D11-00A0C91BC942}") = "XPickups_rc", "XPickups_rc\XPickups_rc.vcxproj", "{315A06EC-D373-4EA7-AD4F-85872143521E}"
EndProject
Project("{8BC9CEB8-8B4A-11D0-8D11-00A0C91BC942}") = "XWeapons", "XWeapons\XWeapons.vcxproj", "{CB660AD1-6079-4ECC-96F8-7F1D88F4C560}"
EndProject
Project("{8BC9CEB8-8B4A-11D0-8D11-00A0C91BC942}") = "XWeapons_rc", "XWeapons_rc\XWeapons_rc.vcxproj", "{02F69EAD-9B84-4309-87F7-B71BB3D3E8D8}"
EndProject
Project("{8BC9CEB8-8B4A-11D0-8D11-00A0C91BC942}") = "ogg", "Vorbis\ogg\win32\ogg.vcxproj", "{0196B646-AF8F-4D83-A6B9-1FFF9EA328E6}"
EndProject
Project("{8BC9CEB8-8B4A-11D0-8D11-00A0C91BC942}") = "vorbis", "Vorbis\vorbis\win32\vorbis.vcxproj", "{A51D1343-EC3C-4507-8A14-5084CDABDB52}"
EndProject
Project("{8BC9CEB8-8B4A-11D0-8D11-00A0C91BC942}") = "vorbisfile", "Vorbis\vorbis\win32\vorbisfile.vcxproj", "{6C09A0F5-68C1-4696-8961-26E2E6A17F19}"
EndProject
Project("{8BC9CEB8-8B4A-11D0-8D11-00A0C91BC942}") = "BugReport", "BugReport\Src\BugReport.vcxproj", "{FED37248-858B-4EE9-89F9-5F2FB68C3C70}"
EndProject
Project("{8BC9CEB8-8B4A-11D0-8D11-00A0C91BC942}") = "MasterServer", "MasterServer\Src\MasterServer.vcxproj", "{61B41056-F4D9-43A7-8FE5-5BF80997049A}"
EndProject
Project("{8BC9CEB8-8B4A-11D0-8D11-00A0C91BC942}") = "XAdmin", "XAdmin\XAdmin.vcxproj", "{8E6B21FC-32DF-4F70-AACC-0134325E06FE}"
EndProject
Project("{8BC9CEB8-8B4A-11D0-8D11-00A0C91BC942}") = "XWebAdmin", "xWebAdmin\Src\XWebAdmin.vcxproj", "{0B59544F-58D0-4457-B2C0-FA38E003FE38}"
EndProject
Project("{8BC9CEB8-8B4A-11D0-8D11-00A0C91BC942}") = "Web", "Web\Src\Web.vcxproj", "{A6B4ECDC-50C2-4086-85F7-CB8AA44C16A1}"
EndProject
Project("{8BC9CEB8-8B4A-11D0-8D11-00A0C91BC942}") = "DebuggerLaunch", "DebuggerLaunch\Src\DebuggerLaunch.vcxproj", "{BD6AD13F-C4B6-476A-8763-8B1F0DE1513E}"
EndProject
Project("{8BC9CEB8-8B4A-11D0-8D11-00A0C91BC942}") = "Vehicles", "Vehicles\Vehicles.vcxproj", "{BD7B1AF4-6AB5-40BE-B29F-2386B4489A15}"
EndProject
Project("{8BC9CEB8-8B4A-11D0-8D11-00A0C91BC942}") = "OpenGLDrv", "OpenGLDrv\Src\OpenGLDrv.vcxproj", "{04B2654D-F473-445E-AE3A-CEAAD3373689}"
EndProject
Project("{8BC9CEB8-8B4A-11D0-8D11-00A0C91BC942}") = "zlib", "zlib\zlib.vcxproj", "{8C237209-01E6-4797-9BCA-4675C161F26E}"
EndProject
Project("{8BC9CEB8-8B4A-11D0-8D11-00A0C91BC942}") = "Benchmark", "Benchmark\Src\Benchmark.vcxproj", "{94BF5FAD-D736-41F1-9850-09811D464BAE}"
EndProject
Project("{8BC9CEB8-8B4A-11D0-8D11-00A0C91BC942}") = "BonusPack", "BonusPack\BonusPack.vcxproj", "{1DBAFBBF-899F-4357-8DD7-10E8A4A0F53D}"
EndProject
Project("{8BC9CEB8-8B4A-11D0-8D11-00A0C91BC942}") = "SkaarjPack", "SkaarjPack\SkaarjPack.vcxproj", "{AA590301-66B8-49DC-B612-ABD340F92578}"
EndProject
Project("{8BC9CEB8-8B4A-11D0-8D11-00A0C91BC942}") = "SkaarjPack_rc", "SkaarjPack_rc\SkaarjPack_rc.vcxproj", "{4556F29F-8FCE-421E-A31C-AF47C07DB1F8}"
EndProject
Project("{8BC9CEB8-8B4A-11D0-8D11-00A0C91BC942}") = "UTClassic", "UTClassic\UTClassic.vcxproj", "{EB658568-003D-41C7-986B-B690C8073DB5}"
EndProject
Project("{8BC9CEB8-8B4A-11D0-8D11-00A0C91BC942}") = "UT2k4Assault", "UT2k4Assault\UT2k4Assault.vcxproj", "{A563148B-23B7-475E-AB1C-B24AAAB673EA}"
EndProject
Project("{8BC9CEB8-8B4A-11D0-8D11-00A0C91BC942}") = "PixoDrv", "PixoDrv\Src\PixoDrv.vcxproj", "{AE505638-B22E-4B94-9FD7-426EB0C5801B}"
EndProject
Project("{8BC9CEB8-8B4A-11D0-8D11-00A0C91BC942}") = "GUI2K4", "GUI2K4\GUI2K4.vcxproj", "{52C097E2-6E42-4C7D-8ECB-90F5AFD0569B}"
EndProject
Project("{8BC9CEB8-8B4A-11D0-8D11-00A0C91BC942}") = "Onslaught", "Onslaught\Onslaught.vcxproj", "{40AE6ED3-87C3-4695-BEA6-B713531CC3B8}"
EndProject
Project("{8BC9CEB8-8B4A-11D0-8D11-00A0C91BC942}") = "D3D9Drv", "D3D9Drv\Src\D3D9Drv.vcxproj", "{E78E5FB5-E057-44FF-A6BD-B31AAA0E5B9B}"
EndProject
Project("{8BC9CEB8-8B4A-11D0-8D11-00A0C91BC942}") = "xVoting", "xVoting\xVoting.vcxproj", "{107F4088-DEF5-45D4-ACA1-02E68BF50F6B}"
EndProject
Project("{8BC9CEB8-8B4A-11D0-8D11-00A0C91BC942}") = "OnslaughtFull", "OnslaughtFull\OnslaughtFull.vcxproj", "{7C94D95F-2F2D-4FE0-9CF2-AAE4BE6D545A}"
EndProject
Project("{8BC9CEB8-8B4A-11D0-8D11-00A0C91BC942}") = "UT2k4AssaultFull", "UT2k4AssaultFull\UT2k4AssaultFull.vcxproj", "{F2508EB8-3BEB-415C-A8B4-CCC701CF74EC}"
EndProject
Project("{8BC9CEB8-8B4A-11D0-8D11-00A0C91BC942}") = "GUIDesigner", "GUIDesigner\GUIDesigner.vcxproj", "{82F1CB24-B63E-4955-9CF5-F25D6F7CFA76}"
EndProject
Project("{8BC9CEB8-8B4A-11D0-8D11-00A0C91BC942}") = "UTV2003", "UTV2004\Src\UTV2003.vcxproj", "{7FFFBFC8-D503-4732-8011-B6D6AC43761D}"
EndProject
Global
	GlobalSection(SolutionConfigurationPlatforms) = preSolution
		Debug_AMD64|Win32 = Debug_AMD64|Win32
		Debug|Win32 = Debug|Win32
		DebugDLL|Win32 = DebugDLL|Win32
		DebugSlow|Win32 = DebugSlow|Win32
		Profiling|Win32 = Profiling|Win32
		Release_UedDLL|Win32 = Release_UedDLL|Win32
		Release|Win32 = Release|Win32
		ReleaseDLL|Win32 = ReleaseDLL|Win32
		ReleaseFast|Win32 = ReleaseFast|Win32
		SystemFiles|Win32 = SystemFiles|Win32
		UnrealScript|Win32 = UnrealScript|Win32
	EndGlobalSection
	GlobalSection(ProjectConfigurationPlatforms) = postSolution
		{012F6AE2-4287-43AE-9B20-F70E1260F077}.Debug_AMD64|Win32.ActiveCfg = Debug_AMD64|Win32
		{012F6AE2-4287-43AE-9B20-F70E1260F077}.Debug_AMD64|Win32.Build.0 = Debug_AMD64|Win32
		{012F6AE2-4287-43AE-9B20-F70E1260F077}.Debug|Win32.ActiveCfg = Debug|Win32
		{012F6AE2-4287-43AE-9B20-F70E1260F077}.Debug|Win32.Build.0 = Debug|Win32
		{012F6AE2-4287-43AE-9B20-F70E1260F077}.DebugDLL|Win32.ActiveCfg = Debug_AMD64|Win32
		{012F6AE2-4287-43AE-9B20-F70E1260F077}.DebugSlow|Win32.ActiveCfg = DebugSlow|Win32
		{012F6AE2-4287-43AE-9B20-F70E1260F077}.DebugSlow|Win32.Build.0 = DebugSlow|Win32
		{012F6AE2-4287-43AE-9B20-F70E1260F077}.Profiling|Win32.ActiveCfg = Profiling|Win32
		{012F6AE2-4287-43AE-9B20-F70E1260F077}.Profiling|Win32.Build.0 = Profiling|Win32
		{012F6AE2-4287-43AE-9B20-F70E1260F077}.Release_UedDLL|Win32.ActiveCfg = Release|Win32
		{012F6AE2-4287-43AE-9B20-F70E1260F077}.Release_UedDLL|Win32.Build.0 = Release|Win32
		{012F6AE2-4287-43AE-9B20-F70E1260F077}.Release|Win32.ActiveCfg = Release|Win32
		{012F6AE2-4287-43AE-9B20-F70E1260F077}.Release|Win32.Build.0 = Release|Win32
		{012F6AE2-4287-43AE-9B20-F70E1260F077}.ReleaseDLL|Win32.ActiveCfg = ReleaseFast|Win32
		{012F6AE2-4287-43AE-9B20-F70E1260F077}.ReleaseFast|Win32.ActiveCfg = ReleaseFast|Win32
		{012F6AE2-4287-43AE-9B20-F70E1260F077}.ReleaseFast|Win32.Build.0 = ReleaseFast|Win32
		{012F6AE2-4287-43AE-9B20-F70E1260F077}.SystemFiles|Win32.ActiveCfg = Release|Win32
		{012F6AE2-4287-43AE-9B20-F70E1260F077}.SystemFiles|Win32.Build.0 = Release|Win32
		{012F6AE2-4287-43AE-9B20-F70E1260F077}.UnrealScript|Win32.ActiveCfg = Release|Win32
		{012F6AE2-4287-43AE-9B20-F70E1260F077}.UnrealScript|Win32.Build.0 = Release|Win32
		{1A04010C-3F69-4890-B4E1-79D0CE6A35D4}.Debug_AMD64|Win32.ActiveCfg = Debug_AMD64|Win32
		{1A04010C-3F69-4890-B4E1-79D0CE6A35D4}.Debug_AMD64|Win32.Build.0 = Debug_AMD64|Win32
		{1A04010C-3F69-4890-B4E1-79D0CE6A35D4}.Debug|Win32.ActiveCfg = Debug|Win32
		{1A04010C-3F69-4890-B4E1-79D0CE6A35D4}.Debug|Win32.Build.0 = Debug|Win32
		{1A04010C-3F69-4890-B4E1-79D0CE6A35D4}.DebugDLL|Win32.ActiveCfg = Debug_AMD64|Win32
		{1A04010C-3F69-4890-B4E1-79D0CE6A35D4}.DebugSlow|Win32.ActiveCfg = DebugSlow|Win32
		{1A04010C-3F69-4890-B4E1-79D0CE6A35D4}.DebugSlow|Win32.Build.0 = DebugSlow|Win32
		{1A04010C-3F69-4890-B4E1-79D0CE6A35D4}.Profiling|Win32.ActiveCfg = Profiling|Win32
		{1A04010C-3F69-4890-B4E1-79D0CE6A35D4}.Profiling|Win32.Build.0 = Profiling|Win32
		{1A04010C-3F69-4890-B4E1-79D0CE6A35D4}.Release_UedDLL|Win32.ActiveCfg = Release|Win32
		{1A04010C-3F69-4890-B4E1-79D0CE6A35D4}.Release_UedDLL|Win32.Build.0 = Release|Win32
		{1A04010C-3F69-4890-B4E1-79D0CE6A35D4}.Release|Win32.ActiveCfg = Release|Win32
		{1A04010C-3F69-4890-B4E1-79D0CE6A35D4}.Release|Win32.Build.0 = Release|Win32
		{1A04010C-3F69-4890-B4E1-79D0CE6A35D4}.ReleaseDLL|Win32.ActiveCfg = ReleaseFast|Win32
		{1A04010C-3F69-4890-B4E1-79D0CE6A35D4}.ReleaseFast|Win32.ActiveCfg = ReleaseFast|Win32
		{1A04010C-3F69-4890-B4E1-79D0CE6A35D4}.ReleaseFast|Win32.Build.0 = ReleaseFast|Win32
		{1A04010C-3F69-4890-B4E1-79D0CE6A35D4}.SystemFiles|Win32.ActiveCfg = Debug|Win32
		{1A04010C-3F69-4890-B4E1-79D0CE6A35D4}.SystemFiles|Win32.Build.0 = Debug|Win32
		{1A04010C-3F69-4890-B4E1-79D0CE6A35D4}.UnrealScript|Win32.ActiveCfg = Debug|Win32
		{1A04010C-3F69-4890-B4E1-79D0CE6A35D4}.UnrealScript|Win32.Build.0 = Debug|Win32
		{2C15D588-1CD2-48D9-A08B-05D27C3273DD}.Debug_AMD64|Win32.ActiveCfg = Debug_AMD64|Win32
		{2C15D588-1CD2-48D9-A08B-05D27C3273DD}.Debug_AMD64|Win32.Build.0 = Debug_AMD64|Win32
		{2C15D588-1CD2-48D9-A08B-05D27C3273DD}.Debug|Win32.ActiveCfg = Debug|Win32
		{2C15D588-1CD2-48D9-A08B-05D27C3273DD}.Debug|Win32.Build.0 = Debug|Win32
		{2C15D588-1CD2-48D9-A08B-05D27C3273DD}.DebugDLL|Win32.ActiveCfg = Debug_AMD64|Win32
		{2C15D588-1CD2-48D9-A08B-05D27C3273DD}.DebugSlow|Win32.ActiveCfg = DebugSlow|Win32
		{2C15D588-1CD2-48D9-A08B-05D27C3273DD}.DebugSlow|Win32.Build.0 = DebugSlow|Win32
		{2C15D588-1CD2-48D9-A08B-05D27C3273DD}.Profiling|Win32.ActiveCfg = Profiling|Win32
		{2C15D588-1CD2-48D9-A08B-05D27C3273DD}.Profiling|Win32.Build.0 = Profiling|Win32
		{2C15D588-1CD2-48D9-A08B-05D27C3273DD}.Release_UedDLL|Win32.ActiveCfg = Release|Win32
		{2C15D588-1CD2-48D9-A08B-05D27C3273DD}.Release_UedDLL|Win32.Build.0 = Release|Win32
		{2C15D588-1CD2-48D9-A08B-05D27C3273DD}.Release|Win32.ActiveCfg = Release|Win32
		{2C15D588-1CD2-48D9-A08B-05D27C3273DD}.Release|Win32.Build.0 = Release|Win32
		{2C15D588-1CD2-48D9-A08B-05D27C3273DD}.ReleaseDLL|Win32.ActiveCfg = ReleaseFast|Win32
		{2C15D588-1CD2-48D9-A08B-05D27C3273DD}.ReleaseFast|Win32.ActiveCfg = ReleaseFast|Win32
		{2C15D588-1CD2-48D9-A08B-05D27C3273DD}.ReleaseFast|Win32.Build.0 = ReleaseFast|Win32
		{2C15D588-1CD2-48D9-A08B-05D27C3273DD}.SystemFiles|Win32.ActiveCfg = Release|Win32
		{2C15D588-1CD2-48D9-A08B-05D27C3273DD}.SystemFiles|Win32.Build.0 = Release|Win32
		{2C15D588-1CD2-48D9-A08B-05D27C3273DD}.UnrealScript|Win32.ActiveCfg = Release|Win32
		{2C15D588-1CD2-48D9-A08B-05D27C3273DD}.UnrealScript|Win32.Build.0 = Release|Win32
		{0943CD8E-EED4-43CE-B4AF-E9C3D753769F}.Debug_AMD64|Win32.ActiveCfg = Debug_AMD64|Win32
		{0943CD8E-EED4-43CE-B4AF-E9C3D753769F}.Debug|Win32.ActiveCfg = Debug|Win32
		{0943CD8E-EED4-43CE-B4AF-E9C3D753769F}.Debug|Win32.Build.0 = Debug|Win32
		{0943CD8E-EED4-43CE-B4AF-E9C3D753769F}.DebugDLL|Win32.ActiveCfg = Debug_AMD64|Win32
		{0943CD8E-EED4-43CE-B4AF-E9C3D753769F}.DebugSlow|Win32.ActiveCfg = DebugSlow|Win32
		{0943CD8E-EED4-43CE-B4AF-E9C3D753769F}.DebugSlow|Win32.Build.0 = DebugSlow|Win32
		{0943CD8E-EED4-43CE-B4AF-E9C3D753769F}.Profiling|Win32.ActiveCfg = Profiling|Win32
		{0943CD8E-EED4-43CE-B4AF-E9C3D753769F}.Profiling|Win32.Build.0 = Profiling|Win32
		{0943CD8E-EED4-43CE-B4AF-E9C3D753769F}.Release_UedDLL|Win32.ActiveCfg = Release|Win32
		{0943CD8E-EED4-43CE-B4AF-E9C3D753769F}.Release_UedDLL|Win32.Build.0 = Release|Win32
		{0943CD8E-EED4-43CE-B4AF-E9C3D753769F}.Release|Win32.ActiveCfg = Release|Win32
		{0943CD8E-EED4-43CE-B4AF-E9C3D753769F}.Release|Win32.Build.0 = Release|Win32
		{0943CD8E-EED4-43CE-B4AF-E9C3D753769F}.ReleaseDLL|Win32.ActiveCfg = ReleaseFast|Win32
		{0943CD8E-EED4-43CE-B4AF-E9C3D753769F}.ReleaseFast|Win32.ActiveCfg = ReleaseFast|Win32
		{0943CD8E-EED4-43CE-B4AF-E9C3D753769F}.ReleaseFast|Win32.Build.0 = ReleaseFast|Win32
		{0943CD8E-EED4-43CE-B4AF-E9C3D753769F}.SystemFiles|Win32.ActiveCfg = Debug|Win32
		{0943CD8E-EED4-43CE-B4AF-E9C3D753769F}.SystemFiles|Win32.Build.0 = Debug|Win32
		{0943CD8E-EED4-43CE-B4AF-E9C3D753769F}.UnrealScript|Win32.ActiveCfg = Debug|Win32
		{0943CD8E-EED4-43CE-B4AF-E9C3D753769F}.UnrealScript|Win32.Build.0 = Debug|Win32
		{F96152CE-8D09-4F16-A1A1-A0AA006BF618}.Debug_AMD64|Win32.ActiveCfg = Debug_AMD64|Win32
		{F96152CE-8D09-4F16-A1A1-A0AA006BF618}.Debug_AMD64|Win32.Build.0 = Debug_AMD64|Win32
		{F96152CE-8D09-4F16-A1A1-A0AA006BF618}.Debug|Win32.ActiveCfg = Debug|Win32
		{F96152CE-8D09-4F16-A1A1-A0AA006BF618}.Debug|Win32.Build.0 = Debug|Win32
		{F96152CE-8D09-4F16-A1A1-A0AA006BF618}.DebugDLL|Win32.ActiveCfg = Debug_AMD64|Win32
		{F96152CE-8D09-4F16-A1A1-A0AA006BF618}.DebugSlow|Win32.ActiveCfg = DebugSlow|Win32
		{F96152CE-8D09-4F16-A1A1-A0AA006BF618}.DebugSlow|Win32.Build.0 = DebugSlow|Win32
		{F96152CE-8D09-4F16-A1A1-A0AA006BF618}.Profiling|Win32.ActiveCfg = Profiling|Win32
		{F96152CE-8D09-4F16-A1A1-A0AA006BF618}.Profiling|Win32.Build.0 = Profiling|Win32
		{F96152CE-8D09-4F16-A1A1-A0AA006BF618}.Release_UedDLL|Win32.ActiveCfg = Release|Win32
		{F96152CE-8D09-4F16-A1A1-A0AA006BF618}.Release_UedDLL|Win32.Build.0 = Release|Win32
		{F96152CE-8D09-4F16-A1A1-A0AA006BF618}.Release|Win32.ActiveCfg = Release|Win32
		{F96152CE-8D09-4F16-A1A1-A0AA006BF618}.Release|Win32.Build.0 = Release|Win32
		{F96152CE-8D09-4F16-A1A1-A0AA006BF618}.ReleaseDLL|Win32.ActiveCfg = ReleaseFast|Win32
		{F96152CE-8D09-4F16-A1A1-A0AA006BF618}.ReleaseFast|Win32.ActiveCfg = ReleaseFast|Win32
		{F96152CE-8D09-4F16-A1A1-A0AA006BF618}.ReleaseFast|Win32.Build.0 = ReleaseFast|Win32
		{F96152CE-8D09-4F16-A1A1-A0AA006BF618}.SystemFiles|Win32.ActiveCfg = Debug|Win32
		{F96152CE-8D09-4F16-A1A1-A0AA006BF618}.SystemFiles|Win32.Build.0 = Debug|Win32
		{F96152CE-8D09-4F16-A1A1-A0AA006BF618}.UnrealScript|Win32.ActiveCfg = Debug|Win32
		{F96152CE-8D09-4F16-A1A1-A0AA006BF618}.UnrealScript|Win32.Build.0 = Debug|Win32
		{F0FC2F91-1AE6-4C35-9C15-299CD354AAA4}.Debug_AMD64|Win32.ActiveCfg = Debug_AMD64|Win32
		{F0FC2F91-1AE6-4C35-9C15-299CD354AAA4}.Debug_AMD64|Win32.Build.0 = Debug_AMD64|Win32
		{F0FC2F91-1AE6-4C35-9C15-299CD354AAA4}.Debug|Win32.ActiveCfg = Debug|Win32
		{F0FC2F91-1AE6-4C35-9C15-299CD354AAA4}.Debug|Win32.Build.0 = Debug|Win32
		{F0FC2F91-1AE6-4C35-9C15-299CD354AAA4}.DebugDLL|Win32.ActiveCfg = Debug_AMD64|Win32
		{F0FC2F91-1AE6-4C35-9C15-299CD354AAA4}.DebugSlow|Win32.ActiveCfg = DebugSlow|Win32
		{F0FC2F91-1AE6-4C35-9C15-299CD354AAA4}.DebugSlow|Win32.Build.0 = DebugSlow|Win32
		{F0FC2F91-1AE6-4C35-9C15-299CD354AAA4}.Profiling|Win32.ActiveCfg = Profiling|Win32
		{F0FC2F91-1AE6-4C35-9C15-299CD354AAA4}.Profiling|Win32.Build.0 = Profiling|Win32
		{F0FC2F91-1AE6-4C35-9C15-299CD354AAA4}.Release_UedDLL|Win32.ActiveCfg = Release|Win32
		{F0FC2F91-1AE6-4C35-9C15-299CD354AAA4}.Release_UedDLL|Win32.Build.0 = Release|Win32
		{F0FC2F91-1AE6-4C35-9C15-299CD354AAA4}.Release|Win32.ActiveCfg = Release|Win32
		{F0FC2F91-1AE6-4C35-9C15-299CD354AAA4}.Release|Win32.Build.0 = Release|Win32
		{F0FC2F91-1AE6-4C35-9C15-299CD354AAA4}.ReleaseDLL|Win32.ActiveCfg = ReleaseFast|Win32
		{F0FC2F91-1AE6-4C35-9C15-299CD354AAA4}.ReleaseFast|Win32.ActiveCfg = ReleaseFast|Win32
		{F0FC2F91-1AE6-4C35-9C15-299CD354AAA4}.ReleaseFast|Win32.Build.0 = ReleaseFast|Win32
		{F0FC2F91-1AE6-4C35-9C15-299CD354AAA4}.SystemFiles|Win32.ActiveCfg = Release|Win32
		{F0FC2F91-1AE6-4C35-9C15-299CD354AAA4}.SystemFiles|Win32.Build.0 = Release|Win32
		{F0FC2F91-1AE6-4C35-9C15-299CD354AAA4}.UnrealScript|Win32.ActiveCfg = Release|Win32
		{F0FC2F91-1AE6-4C35-9C15-299CD354AAA4}.UnrealScript|Win32.Build.0 = Release|Win32
		{D8722A3B-C147-4DD2-AFE0-A6593E7DF213}.Debug_AMD64|Win32.ActiveCfg = Debug_AMD64|Win32
		{D8722A3B-C147-4DD2-AFE0-A6593E7DF213}.Debug_AMD64|Win32.Build.0 = Debug_AMD64|Win32
		{D8722A3B-C147-4DD2-AFE0-A6593E7DF213}.Debug|Win32.ActiveCfg = Debug|Win32
		{D8722A3B-C147-4DD2-AFE0-A6593E7DF213}.Debug|Win32.Build.0 = Debug|Win32
		{D8722A3B-C147-4DD2-AFE0-A6593E7DF213}.DebugDLL|Win32.ActiveCfg = Debug_AMD64|Win32
		{D8722A3B-C147-4DD2-AFE0-A6593E7DF213}.DebugSlow|Win32.ActiveCfg = DebugSlow|Win32
		{D8722A3B-C147-4DD2-AFE0-A6593E7DF213}.DebugSlow|Win32.Build.0 = DebugSlow|Win32
		{D8722A3B-C147-4DD2-AFE0-A6593E7DF213}.Profiling|Win32.ActiveCfg = Profiling|Win32
		{D8722A3B-C147-4DD2-AFE0-A6593E7DF213}.Profiling|Win32.Build.0 = Profiling|Win32
		{D8722A3B-C147-4DD2-AFE0-A6593E7DF213}.Release_UedDLL|Win32.ActiveCfg = Release|Win32
		{D8722A3B-C147-4DD2-AFE0-A6593E7DF213}.Release_UedDLL|Win32.Build.0 = Release|Win32
		{D8722A3B-C147-4DD2-AFE0-A6593E7DF213}.Release|Win32.ActiveCfg = Release|Win32
		{D8722A3B-C147-4DD2-AFE0-A6593E7DF213}.Release|Win32.Build.0 = Release|Win32
		{D8722A3B-C147-4DD2-AFE0-A6593E7DF213}.ReleaseDLL|Win32.ActiveCfg = ReleaseFast|Win32
		{D8722A3B-C147-4DD2-AFE0-A6593E7DF213}.ReleaseFast|Win32.ActiveCfg = ReleaseFast|Win32
		{D8722A3B-C147-4DD2-AFE0-A6593E7DF213}.ReleaseFast|Win32.Build.0 = ReleaseFast|Win32
		{D8722A3B-C147-4DD2-AFE0-A6593E7DF213}.SystemFiles|Win32.ActiveCfg = Release|Win32
		{D8722A3B-C147-4DD2-AFE0-A6593E7DF213}.SystemFiles|Win32.Build.0 = Release|Win32
		{D8722A3B-C147-4DD2-AFE0-A6593E7DF213}.UnrealScript|Win32.ActiveCfg = Release|Win32
		{D8722A3B-C147-4DD2-AFE0-A6593E7DF213}.UnrealScript|Win32.Build.0 = Release|Win32
		{CB0676C7-F9BF-47E6-9BEE-894C8E440DE9}.Debug_AMD64|Win32.ActiveCfg = Debug_AMD64|Win32
		{CB0676C7-F9BF-47E6-9BEE-894C8E440DE9}.Debug|Win32.ActiveCfg = UnrealScript|Win32
		{CB0676C7-F9BF-47E6-9BEE-894C8E440DE9}.DebugDLL|Win32.ActiveCfg = Debug_AMD64|Win32
		{CB0676C7-F9BF-47E6-9BEE-894C8E440DE9}.DebugSlow|Win32.ActiveCfg = UnrealScript|Win32
		{CB0676C7-F9BF-47E6-9BEE-894C8E440DE9}.Profiling|Win32.ActiveCfg = UnrealScript|Win32
		{CB0676C7-F9BF-47E6-9BEE-894C8E440DE9}.Release_UedDLL|Win32.ActiveCfg = UnrealScript|Win32
		{CB0676C7-F9BF-47E6-9BEE-894C8E440DE9}.Release|Win32.ActiveCfg = UnrealScript|Win32
		{CB0676C7-F9BF-47E6-9BEE-894C8E440DE9}.ReleaseDLL|Win32.ActiveCfg = Debug_AMD64|Win32
		{CB0676C7-F9BF-47E6-9BEE-894C8E440DE9}.ReleaseFast|Win32.ActiveCfg = UnrealScript|Win32
		{CB0676C7-F9BF-47E6-9BEE-894C8E440DE9}.SystemFiles|Win32.ActiveCfg = UnrealScript|Win32
		{CB0676C7-F9BF-47E6-9BEE-894C8E440DE9}.SystemFiles|Win32.Build.0 = UnrealScript|Win32
		{CB0676C7-F9BF-47E6-9BEE-894C8E440DE9}.UnrealScript|Win32.ActiveCfg = UnrealScript|Win32
		{CB0676C7-F9BF-47E6-9BEE-894C8E440DE9}.UnrealScript|Win32.Build.0 = UnrealScript|Win32
		{5C8BE0C2-2D0D-4CF0-A8C2-FE059BE1161B}.Debug_AMD64|Win32.ActiveCfg = Debug_AMD64|Win32
		{5C8BE0C2-2D0D-4CF0-A8C2-FE059BE1161B}.Debug_AMD64|Win32.Build.0 = Debug_AMD64|Win32
		{5C8BE0C2-2D0D-4CF0-A8C2-FE059BE1161B}.Debug|Win32.ActiveCfg = Debug|Win32
		{5C8BE0C2-2D0D-4CF0-A8C2-FE059BE1161B}.Debug|Win32.Build.0 = Debug|Win32
		{5C8BE0C2-2D0D-4CF0-A8C2-FE059BE1161B}.DebugDLL|Win32.ActiveCfg = Debug_AMD64|Win32
		{5C8BE0C2-2D0D-4CF0-A8C2-FE059BE1161B}.DebugSlow|Win32.ActiveCfg = DebugSlow|Win32
		{5C8BE0C2-2D0D-4CF0-A8C2-FE059BE1161B}.DebugSlow|Win32.Build.0 = DebugSlow|Win32
		{5C8BE0C2-2D0D-4CF0-A8C2-FE059BE1161B}.Profiling|Win32.ActiveCfg = Profiling|Win32
		{5C8BE0C2-2D0D-4CF0-A8C2-FE059BE1161B}.Profiling|Win32.Build.0 = Profiling|Win32
		{5C8BE0C2-2D0D-4CF0-A8C2-FE059BE1161B}.Release_UedDLL|Win32.ActiveCfg = Release|Win32
		{5C8BE0C2-2D0D-4CF0-A8C2-FE059BE1161B}.Release_UedDLL|Win32.Build.0 = Release|Win32
		{5C8BE0C2-2D0D-4CF0-A8C2-FE059BE1161B}.Release|Win32.ActiveCfg = Release|Win32
		{5C8BE0C2-2D0D-4CF0-A8C2-FE059BE1161B}.Release|Win32.Build.0 = Release|Win32
		{5C8BE0C2-2D0D-4CF0-A8C2-FE059BE1161B}.ReleaseDLL|Win32.ActiveCfg = ReleaseFast|Win32
		{5C8BE0C2-2D0D-4CF0-A8C2-FE059BE1161B}.ReleaseFast|Win32.ActiveCfg = ReleaseFast|Win32
		{5C8BE0C2-2D0D-4CF0-A8C2-FE059BE1161B}.ReleaseFast|Win32.Build.0 = ReleaseFast|Win32
		{5C8BE0C2-2D0D-4CF0-A8C2-FE059BE1161B}.SystemFiles|Win32.ActiveCfg = Debug|Win32
		{5C8BE0C2-2D0D-4CF0-A8C2-FE059BE1161B}.SystemFiles|Win32.Build.0 = Debug|Win32
		{5C8BE0C2-2D0D-4CF0-A8C2-FE059BE1161B}.UnrealScript|Win32.ActiveCfg = Debug|Win32
		{5C8BE0C2-2D0D-4CF0-A8C2-FE059BE1161B}.UnrealScript|Win32.Build.0 = Debug|Win32
		{19886B8D-9B0C-491E-8C71-2579B4D52761}.Debug_AMD64|Win32.ActiveCfg = Debug_AMD64|Win32
		{19886B8D-9B0C-491E-8C71-2579B4D52761}.Debug_AMD64|Win32.Build.0 = Debug_AMD64|Win32
		{19886B8D-9B0C-491E-8C71-2579B4D52761}.Debug|Win32.ActiveCfg = Debug|Win32
		{19886B8D-9B0C-491E-8C71-2579B4D52761}.Debug|Win32.Build.0 = Debug|Win32
		{19886B8D-9B0C-491E-8C71-2579B4D52761}.DebugDLL|Win32.ActiveCfg = Debug_AMD64|Win32
		{19886B8D-9B0C-491E-8C71-2579B4D52761}.DebugSlow|Win32.ActiveCfg = DebugSlow|Win32
		{19886B8D-9B0C-491E-8C71-2579B4D52761}.DebugSlow|Win32.Build.0 = DebugSlow|Win32
		{19886B8D-9B0C-491E-8C71-2579B4D52761}.Profiling|Win32.ActiveCfg = Profiling|Win32
		{19886B8D-9B0C-491E-8C71-2579B4D52761}.Profiling|Win32.Build.0 = Profiling|Win32
		{19886B8D-9B0C-491E-8C71-2579B4D52761}.Release_UedDLL|Win32.ActiveCfg = Release|Win32
		{19886B8D-9B0C-491E-8C71-2579B4D52761}.Release_UedDLL|Win32.Build.0 = Release|Win32
		{19886B8D-9B0C-491E-8C71-2579B4D52761}.Release|Win32.ActiveCfg = Release|Win32
		{19886B8D-9B0C-491E-8C71-2579B4D52761}.Release|Win32.Build.0 = Release|Win32
		{19886B8D-9B0C-491E-8C71-2579B4D52761}.ReleaseDLL|Win32.ActiveCfg = ReleaseFast|Win32
		{19886B8D-9B0C-491E-8C71-2579B4D52761}.ReleaseFast|Win32.ActiveCfg = ReleaseFast|Win32
		{19886B8D-9B0C-491E-8C71-2579B4D52761}.ReleaseFast|Win32.Build.0 = ReleaseFast|Win32
		{19886B8D-9B0C-491E-8C71-2579B4D52761}.SystemFiles|Win32.ActiveCfg = Debug|Win32
		{19886B8D-9B0C-491E-8C71-2579B4D52761}.SystemFiles|Win32.Build.0 = Debug|Win32
		{19886B8D-9B0C-491E-8C71-2579B4D52761}.UnrealScript|Win32.ActiveCfg = Debug|Win32
		{19886B8D-9B0C-491E-8C71-2579B4D52761}.UnrealScript|Win32.Build.0 = Debug|Win32
		{985FC84E-D4F3-4DAA-8E30-60766081784E}.Debug_AMD64|Win32.ActiveCfg = Debug_AMD64|Win32
		{985FC84E-D4F3-4DAA-8E30-60766081784E}.Debug|Win32.ActiveCfg = Debug|Win32
		{985FC84E-D4F3-4DAA-8E30-60766081784E}.Debug|Win32.Build.0 = Debug|Win32
		{985FC84E-D4F3-4DAA-8E30-60766081784E}.DebugDLL|Win32.ActiveCfg = Debug_AMD64|Win32
		{985FC84E-D4F3-4DAA-8E30-60766081784E}.DebugSlow|Win32.ActiveCfg = DebugSlow|Win32
		{985FC84E-D4F3-4DAA-8E30-60766081784E}.DebugSlow|Win32.Build.0 = DebugSlow|Win32
		{985FC84E-D4F3-4DAA-8E30-60766081784E}.Profiling|Win32.ActiveCfg = Profiling|Win32
		{985FC84E-D4F3-4DAA-8E30-60766081784E}.Profiling|Win32.Build.0 = Profiling|Win32
		{985FC84E-D4F3-4DAA-8E30-60766081784E}.Release_UedDLL|Win32.ActiveCfg = Release|Win32
		{985FC84E-D4F3-4DAA-8E30-60766081784E}.Release_UedDLL|Win32.Build.0 = Release|Win32
		{985FC84E-D4F3-4DAA-8E30-60766081784E}.Release|Win32.ActiveCfg = Release|Win32
		{985FC84E-D4F3-4DAA-8E30-60766081784E}.Release|Win32.Build.0 = Release|Win32
		{985FC84E-D4F3-4DAA-8E30-60766081784E}.ReleaseDLL|Win32.ActiveCfg = ReleaseFast|Win32
		{985FC84E-D4F3-4DAA-8E30-60766081784E}.ReleaseFast|Win32.ActiveCfg = ReleaseFast|Win32
		{985FC84E-D4F3-4DAA-8E30-60766081784E}.ReleaseFast|Win32.Build.0 = ReleaseFast|Win32
		{985FC84E-D4F3-4DAA-8E30-60766081784E}.SystemFiles|Win32.ActiveCfg = Debug|Win32
		{985FC84E-D4F3-4DAA-8E30-60766081784E}.SystemFiles|Win32.Build.0 = Debug|Win32
		{985FC84E-D4F3-4DAA-8E30-60766081784E}.UnrealScript|Win32.ActiveCfg = Debug|Win32
		{985FC84E-D4F3-4DAA-8E30-60766081784E}.UnrealScript|Win32.Build.0 = Debug|Win32
		{8862AC2F-F80D-4ACD-B976-89B4497131CC}.Debug_AMD64|Win32.ActiveCfg = Debug_AMD64|Win32
		{8862AC2F-F80D-4ACD-B976-89B4497131CC}.Debug|Win32.ActiveCfg = SystemFiles|Win32
		{8862AC2F-F80D-4ACD-B976-89B4497131CC}.DebugDLL|Win32.ActiveCfg = Debug_AMD64|Win32
		{8862AC2F-F80D-4ACD-B976-89B4497131CC}.DebugSlow|Win32.ActiveCfg = SystemFiles|Win32
		{8862AC2F-F80D-4ACD-B976-89B4497131CC}.Profiling|Win32.ActiveCfg = Profiling|Win32
		{8862AC2F-F80D-4ACD-B976-89B4497131CC}.Release_UedDLL|Win32.ActiveCfg = SystemFiles|Win32
		{8862AC2F-F80D-4ACD-B976-89B4497131CC}.Release|Win32.ActiveCfg = SystemFiles|Win32
		{8862AC2F-F80D-4ACD-B976-89B4497131CC}.ReleaseDLL|Win32.ActiveCfg = Debug_AMD64|Win32
		{8862AC2F-F80D-4ACD-B976-89B4497131CC}.ReleaseFast|Win32.ActiveCfg = SystemFiles|Win32
		{8862AC2F-F80D-4ACD-B976-89B4497131CC}.SystemFiles|Win32.ActiveCfg = SystemFiles|Win32
		{8862AC2F-F80D-4ACD-B976-89B4497131CC}.SystemFiles|Win32.Build.0 = SystemFiles|Win32
		{8862AC2F-F80D-4ACD-B976-89B4497131CC}.UnrealScript|Win32.ActiveCfg = SystemFiles|Win32
		{8862AC2F-F80D-4ACD-B976-89B4497131CC}.UnrealScript|Win32.Build.0 = SystemFiles|Win32
		{5759E1C1-D00C-422D-A0C3-85D3712A569B}.Debug_AMD64|Win32.ActiveCfg = Debug_AMD64|Win32
		{5759E1C1-D00C-422D-A0C3-85D3712A569B}.Debug_AMD64|Win32.Build.0 = Debug_AMD64|Win32
		{5759E1C1-D00C-422D-A0C3-85D3712A569B}.Debug|Win32.ActiveCfg = Debug|Win32
		{5759E1C1-D00C-422D-A0C3-85D3712A569B}.Debug|Win32.Build.0 = Debug|Win32
		{5759E1C1-D00C-422D-A0C3-85D3712A569B}.DebugDLL|Win32.ActiveCfg = Debug_AMD64|Win32
		{5759E1C1-D00C-422D-A0C3-85D3712A569B}.DebugSlow|Win32.ActiveCfg = DebugSlow|Win32
		{5759E1C1-D00C-422D-A0C3-85D3712A569B}.DebugSlow|Win32.Build.0 = DebugSlow|Win32
		{5759E1C1-D00C-422D-A0C3-85D3712A569B}.Profiling|Win32.ActiveCfg = Profiling|Win32
		{5759E1C1-D00C-422D-A0C3-85D3712A569B}.Profiling|Win32.Build.0 = Profiling|Win32
		{5759E1C1-D00C-422D-A0C3-85D3712A569B}.Release_UedDLL|Win32.ActiveCfg = Release|Win32
		{5759E1C1-D00C-422D-A0C3-85D3712A569B}.Release_UedDLL|Win32.Build.0 = Release|Win32
		{5759E1C1-D00C-422D-A0C3-85D3712A569B}.Release|Win32.ActiveCfg = Release|Win32
		{5759E1C1-D00C-422D-A0C3-85D3712A569B}.Release|Win32.Build.0 = Release|Win32
		{5759E1C1-D00C-422D-A0C3-85D3712A569B}.ReleaseDLL|Win32.ActiveCfg = ReleaseFast|Win32
		{5759E1C1-D00C-422D-A0C3-85D3712A569B}.ReleaseFast|Win32.ActiveCfg = ReleaseFast|Win32
		{5759E1C1-D00C-422D-A0C3-85D3712A569B}.ReleaseFast|Win32.Build.0 = ReleaseFast|Win32
		{5759E1C1-D00C-422D-A0C3-85D3712A569B}.SystemFiles|Win32.ActiveCfg = Debug|Win32
		{5759E1C1-D00C-422D-A0C3-85D3712A569B}.SystemFiles|Win32.Build.0 = Debug|Win32
		{5759E1C1-D00C-422D-A0C3-85D3712A569B}.UnrealScript|Win32.ActiveCfg = Debug|Win32
		{5759E1C1-D00C-422D-A0C3-85D3712A569B}.UnrealScript|Win32.Build.0 = Debug|Win32
		{3AE30374-88A2-4127-8A09-9C43FBE04DD0}.Debug_AMD64|Win32.ActiveCfg = Debug_AMD64|Win32
		{3AE30374-88A2-4127-8A09-9C43FBE04DD0}.Debug_AMD64|Win32.Build.0 = Debug_AMD64|Win32
		{3AE30374-88A2-4127-8A09-9C43FBE04DD0}.Debug|Win32.ActiveCfg = Debug|Win32
		{3AE30374-88A2-4127-8A09-9C43FBE04DD0}.Debug|Win32.Build.0 = Debug|Win32
		{3AE30374-88A2-4127-8A09-9C43FBE04DD0}.DebugDLL|Win32.ActiveCfg = Debug_AMD64|Win32
		{3AE30374-88A2-4127-8A09-9C43FBE04DD0}.DebugSlow|Win32.ActiveCfg = DebugSlow|Win32
		{3AE30374-88A2-4127-8A09-9C43FBE04DD0}.DebugSlow|Win32.Build.0 = DebugSlow|Win32
		{3AE30374-88A2-4127-8A09-9C43FBE04DD0}.Profiling|Win32.ActiveCfg = Profiling|Win32
		{3AE30374-88A2-4127-8A09-9C43FBE04DD0}.Profiling|Win32.Build.0 = Profiling|Win32
		{3AE30374-88A2-4127-8A09-9C43FBE04DD0}.Release_UedDLL|Win32.ActiveCfg = Release|Win32
		{3AE30374-88A2-4127-8A09-9C43FBE04DD0}.Release_UedDLL|Win32.Build.0 = Release|Win32
		{3AE30374-88A2-4127-8A09-9C43FBE04DD0}.Release|Win32.ActiveCfg = Release|Win32
		{3AE30374-88A2-4127-8A09-9C43FBE04DD0}.Release|Win32.Build.0 = Release|Win32
		{3AE30374-88A2-4127-8A09-9C43FBE04DD0}.ReleaseDLL|Win32.ActiveCfg = ReleaseFast|Win32
		{3AE30374-88A2-4127-8A09-9C43FBE04DD0}.ReleaseFast|Win32.ActiveCfg = ReleaseFast|Win32
		{3AE30374-88A2-4127-8A09-9C43FBE04DD0}.ReleaseFast|Win32.Build.0 = ReleaseFast|Win32
		{3AE30374-88A2-4127-8A09-9C43FBE04DD0}.SystemFiles|Win32.ActiveCfg = Release|Win32
		{3AE30374-88A2-4127-8A09-9C43FBE04DD0}.SystemFiles|Win32.Build.0 = Release|Win32
		{3AE30374-88A2-4127-8A09-9C43FBE04DD0}.UnrealScript|Win32.ActiveCfg = Release|Win32
		{3AE30374-88A2-4127-8A09-9C43FBE04DD0}.UnrealScript|Win32.Build.0 = Release|Win32
		{922BD254-02F8-4351-8A64-65A0085FC27E}.Debug_AMD64|Win32.ActiveCfg = Debug_AMD64|Win32
		{922BD254-02F8-4351-8A64-65A0085FC27E}.Debug|Win32.ActiveCfg = Debug|Win32
		{922BD254-02F8-4351-8A64-65A0085FC27E}.Debug|Win32.Build.0 = Debug|Win32
		{922BD254-02F8-4351-8A64-65A0085FC27E}.DebugDLL|Win32.ActiveCfg = Debug_AMD64|Win32
		{922BD254-02F8-4351-8A64-65A0085FC27E}.DebugSlow|Win32.ActiveCfg = DebugSlow|Win32
		{922BD254-02F8-4351-8A64-65A0085FC27E}.DebugSlow|Win32.Build.0 = DebugSlow|Win32
		{922BD254-02F8-4351-8A64-65A0085FC27E}.Profiling|Win32.ActiveCfg = Profiling|Win32
		{922BD254-02F8-4351-8A64-65A0085FC27E}.Profiling|Win32.Build.0 = Profiling|Win32
		{922BD254-02F8-4351-8A64-65A0085FC27E}.Release_UedDLL|Win32.ActiveCfg = Release|Win32
		{922BD254-02F8-4351-8A64-65A0085FC27E}.Release_UedDLL|Win32.Build.0 = Release|Win32
		{922BD254-02F8-4351-8A64-65A0085FC27E}.Release|Win32.ActiveCfg = Release|Win32
		{922BD254-02F8-4351-8A64-65A0085FC27E}.Release|Win32.Build.0 = Release|Win32
		{922BD254-02F8-4351-8A64-65A0085FC27E}.ReleaseDLL|Win32.ActiveCfg = ReleaseFast|Win32
		{922BD254-02F8-4351-8A64-65A0085FC27E}.ReleaseFast|Win32.ActiveCfg = ReleaseFast|Win32
		{922BD254-02F8-4351-8A64-65A0085FC27E}.ReleaseFast|Win32.Build.0 = ReleaseFast|Win32
		{922BD254-02F8-4351-8A64-65A0085FC27E}.SystemFiles|Win32.ActiveCfg = Release|Win32
		{922BD254-02F8-4351-8A64-65A0085FC27E}.SystemFiles|Win32.Build.0 = Release|Win32
		{922BD254-02F8-4351-8A64-65A0085FC27E}.UnrealScript|Win32.ActiveCfg = Release|Win32
		{922BD254-02F8-4351-8A64-65A0085FC27E}.UnrealScript|Win32.Build.0 = Release|Win32
		{2452E490-E5F9-454E-AD3B-104A8E542616}.Debug_AMD64|Win32.ActiveCfg = Debug_AMD64|Win32
		{2452E490-E5F9-454E-AD3B-104A8E542616}.Debug|Win32.ActiveCfg = Debug|Win32
		{2452E490-E5F9-454E-AD3B-104A8E542616}.Debug|Win32.Build.0 = Debug|Win32
		{2452E490-E5F9-454E-AD3B-104A8E542616}.DebugDLL|Win32.ActiveCfg = DebugDLL|Win32
		{2452E490-E5F9-454E-AD3B-104A8E542616}.DebugSlow|Win32.ActiveCfg = DebugSlow|Win32
		{2452E490-E5F9-454E-AD3B-104A8E542616}.DebugSlow|Win32.Build.0 = DebugSlow|Win32
		{2452E490-E5F9-454E-AD3B-104A8E542616}.Profiling|Win32.ActiveCfg = Profiling|Win32
		{2452E490-E5F9-454E-AD3B-104A8E542616}.Profiling|Win32.Build.0 = Profiling|Win32
		{2452E490-E5F9-454E-AD3B-104A8E542616}.Release_UedDLL|Win32.ActiveCfg = ReleaseDLL|Win32
		{2452E490-E5F9-454E-AD3B-104A8E542616}.Release_UedDLL|Win32.Build.0 = ReleaseDLL|Win32
		{2452E490-E5F9-454E-AD3B-104A8E542616}.Release|Win32.ActiveCfg = Release|Win32
		{2452E490-E5F9-454E-AD3B-104A8E542616}.Release|Win32.Build.0 = Release|Win32
		{2452E490-E5F9-454E-AD3B-104A8E542616}.ReleaseDLL|Win32.ActiveCfg = ReleaseDLL|Win32
		{2452E490-E5F9-454E-AD3B-104A8E542616}.ReleaseFast|Win32.ActiveCfg = ReleaseFast|Win32
		{2452E490-E5F9-454E-AD3B-104A8E542616}.ReleaseFast|Win32.Build.0 = ReleaseFast|Win32
		{2452E490-E5F9-454E-AD3B-104A8E542616}.SystemFiles|Win32.ActiveCfg = Debug|Win32
		{2452E490-E5F9-454E-AD3B-104A8E542616}.SystemFiles|Win32.Build.0 = Debug|Win32
		{2452E490-E5F9-454E-AD3B-104A8E542616}.UnrealScript|Win32.ActiveCfg = Debug|Win32
		{2452E490-E5F9-454E-AD3B-104A8E542616}.UnrealScript|Win32.Build.0 = Debug|Win32
		{A4835CC9-4192-4E8D-8701-CF0F5C56D76D}.Debug_AMD64|Win32.ActiveCfg = Debug_AMD64|Win32
		{A4835CC9-4192-4E8D-8701-CF0F5C56D76D}.Debug|Win32.ActiveCfg = UnrealScript|Win32
		{A4835CC9-4192-4E8D-8701-CF0F5C56D76D}.DebugDLL|Win32.ActiveCfg = Debug_AMD64|Win32
		{A4835CC9-4192-4E8D-8701-CF0F5C56D76D}.DebugSlow|Win32.ActiveCfg = UnrealScript|Win32
		{A4835CC9-4192-4E8D-8701-CF0F5C56D76D}.Profiling|Win32.ActiveCfg = UnrealScript|Win32
		{A4835CC9-4192-4E8D-8701-CF0F5C56D76D}.Release_UedDLL|Win32.ActiveCfg = UnrealScript|Win32
		{A4835CC9-4192-4E8D-8701-CF0F5C56D76D}.Release|Win32.ActiveCfg = UnrealScript|Win32
		{A4835CC9-4192-4E8D-8701-CF0F5C56D76D}.ReleaseDLL|Win32.ActiveCfg = Debug_AMD64|Win32
		{A4835CC9-4192-4E8D-8701-CF0F5C56D76D}.ReleaseFast|Win32.ActiveCfg = UnrealScript|Win32
		{A4835CC9-4192-4E8D-8701-CF0F5C56D76D}.SystemFiles|Win32.ActiveCfg = UnrealScript|Win32
		{A4835CC9-4192-4E8D-8701-CF0F5C56D76D}.SystemFiles|Win32.Build.0 = UnrealScript|Win32
		{A4835CC9-4192-4E8D-8701-CF0F5C56D76D}.UnrealScript|Win32.ActiveCfg = UnrealScript|Win32
		{A4835CC9-4192-4E8D-8701-CF0F5C56D76D}.UnrealScript|Win32.Build.0 = UnrealScript|Win32
		{7DC9CBBB-ADAF-4A79-B635-E658F8502699}.Debug_AMD64|Win32.ActiveCfg = Debug_AMD64|Win32
		{7DC9CBBB-ADAF-4A79-B635-E658F8502699}.Debug_AMD64|Win32.Build.0 = Debug_AMD64|Win32
		{7DC9CBBB-ADAF-4A79-B635-E658F8502699}.Debug|Win32.ActiveCfg = Debug|Win32
		{7DC9CBBB-ADAF-4A79-B635-E658F8502699}.Debug|Win32.Build.0 = Debug|Win32
		{7DC9CBBB-ADAF-4A79-B635-E658F8502699}.DebugDLL|Win32.ActiveCfg = Debug_AMD64|Win32
		{7DC9CBBB-ADAF-4A79-B635-E658F8502699}.DebugSlow|Win32.ActiveCfg = DebugSlow|Win32
		{7DC9CBBB-ADAF-4A79-B635-E658F8502699}.DebugSlow|Win32.Build.0 = DebugSlow|Win32
		{7DC9CBBB-ADAF-4A79-B635-E658F8502699}.Profiling|Win32.ActiveCfg = Profiling|Win32
		{7DC9CBBB-ADAF-4A79-B635-E658F8502699}.Profiling|Win32.Build.0 = Profiling|Win32
		{7DC9CBBB-ADAF-4A79-B635-E658F8502699}.Release_UedDLL|Win32.ActiveCfg = Release|Win32
		{7DC9CBBB-ADAF-4A79-B635-E658F8502699}.Release_UedDLL|Win32.Build.0 = Release|Win32
		{7DC9CBBB-ADAF-4A79-B635-E658F8502699}.Release|Win32.ActiveCfg = Release|Win32
		{7DC9CBBB-ADAF-4A79-B635-E658F8502699}.Release|Win32.Build.0 = Release|Win32
		{7DC9CBBB-ADAF-4A79-B635-E658F8502699}.ReleaseDLL|Win32.ActiveCfg = ReleaseFast|Win32
		{7DC9CBBB-ADAF-4A79-B635-E658F8502699}.ReleaseFast|Win32.ActiveCfg = ReleaseFast|Win32
		{7DC9CBBB-ADAF-4A79-B635-E658F8502699}.ReleaseFast|Win32.Build.0 = ReleaseFast|Win32
		{7DC9CBBB-ADAF-4A79-B635-E658F8502699}.SystemFiles|Win32.ActiveCfg = Debug|Win32
		{7DC9CBBB-ADAF-4A79-B635-E658F8502699}.SystemFiles|Win32.Build.0 = Debug|Win32
		{7DC9CBBB-ADAF-4A79-B635-E658F8502699}.UnrealScript|Win32.ActiveCfg = Debug|Win32
		{7DC9CBBB-ADAF-4A79-B635-E658F8502699}.UnrealScript|Win32.Build.0 = Debug|Win32
		{09ECE27B-D4E0-4974-B049-FC7316B2E71C}.Debug_AMD64|Win32.ActiveCfg = Debug_AMD64|Win32
		{09ECE27B-D4E0-4974-B049-FC7316B2E71C}.Debug_AMD64|Win32.Build.0 = Debug_AMD64|Win32
		{09ECE27B-D4E0-4974-B049-FC7316B2E71C}.Debug|Win32.ActiveCfg = Debug|Win32
		{09ECE27B-D4E0-4974-B049-FC7316B2E71C}.Debug|Win32.Build.0 = Debug|Win32
		{09ECE27B-D4E0-4974-B049-FC7316B2E71C}.DebugDLL|Win32.ActiveCfg = Debug_AMD64|Win32
		{09ECE27B-D4E0-4974-B049-FC7316B2E71C}.DebugSlow|Win32.ActiveCfg = DebugSlow|Win32
		{09ECE27B-D4E0-4974-B049-FC7316B2E71C}.DebugSlow|Win32.Build.0 = DebugSlow|Win32
		{09ECE27B-D4E0-4974-B049-FC7316B2E71C}.Profiling|Win32.ActiveCfg = Profiling|Win32
		{09ECE27B-D4E0-4974-B049-FC7316B2E71C}.Profiling|Win32.Build.0 = Profiling|Win32
		{09ECE27B-D4E0-4974-B049-FC7316B2E71C}.Release_UedDLL|Win32.ActiveCfg = Release|Win32
		{09ECE27B-D4E0-4974-B049-FC7316B2E71C}.Release_UedDLL|Win32.Build.0 = Release|Win32
		{09ECE27B-D4E0-4974-B049-FC7316B2E71C}.Release|Win32.ActiveCfg = Release|Win32
		{09ECE27B-D4E0-4974-B049-FC7316B2E71C}.Release|Win32.Build.0 = Release|Win32
		{09ECE27B-D4E0-4974-B049-FC7316B2E71C}.ReleaseDLL|Win32.ActiveCfg = ReleaseFast|Win32
		{09ECE27B-D4E0-4974-B049-FC7316B2E71C}.ReleaseFast|Win32.ActiveCfg = ReleaseFast|Win32
		{09ECE27B-D4E0-4974-B049-FC7316B2E71C}.ReleaseFast|Win32.Build.0 = ReleaseFast|Win32
		{09ECE27B-D4E0-4974-B049-FC7316B2E71C}.SystemFiles|Win32.ActiveCfg = Debug|Win32
		{09ECE27B-D4E0-4974-B049-FC7316B2E71C}.SystemFiles|Win32.Build.0 = Debug|Win32
		{09ECE27B-D4E0-4974-B049-FC7316B2E71C}.UnrealScript|Win32.ActiveCfg = Debug|Win32
		{09ECE27B-D4E0-4974-B049-FC7316B2E71C}.UnrealScript|Win32.Build.0 = Debug|Win32
		{2B557D11-94C2-4045-840A-ACA1101475DC}.Debug_AMD64|Win32.ActiveCfg = Debug_AMD64|Win32
		{2B557D11-94C2-4045-840A-ACA1101475DC}.Debug|Win32.ActiveCfg = UnrealScript|Win32
		{2B557D11-94C2-4045-840A-ACA1101475DC}.DebugDLL|Win32.ActiveCfg = Debug_AMD64|Win32
		{2B557D11-94C2-4045-840A-ACA1101475DC}.DebugSlow|Win32.ActiveCfg = UnrealScript|Win32
		{2B557D11-94C2-4045-840A-ACA1101475DC}.Profiling|Win32.ActiveCfg = UnrealScript|Win32
		{2B557D11-94C2-4045-840A-ACA1101475DC}.Release_UedDLL|Win32.ActiveCfg = UnrealScript|Win32
		{2B557D11-94C2-4045-840A-ACA1101475DC}.Release|Win32.ActiveCfg = UnrealScript|Win32
		{2B557D11-94C2-4045-840A-ACA1101475DC}.ReleaseDLL|Win32.ActiveCfg = Debug_AMD64|Win32
		{2B557D11-94C2-4045-840A-ACA1101475DC}.ReleaseFast|Win32.ActiveCfg = UnrealScript|Win32
		{2B557D11-94C2-4045-840A-ACA1101475DC}.SystemFiles|Win32.ActiveCfg = UnrealScript|Win32
		{2B557D11-94C2-4045-840A-ACA1101475DC}.SystemFiles|Win32.Build.0 = UnrealScript|Win32
		{2B557D11-94C2-4045-840A-ACA1101475DC}.UnrealScript|Win32.ActiveCfg = UnrealScript|Win32
		{2B557D11-94C2-4045-840A-ACA1101475DC}.UnrealScript|Win32.Build.0 = UnrealScript|Win32
		{BCF8B4BD-E3BA-4C62-B4BB-15F012C6D331}.Debug_AMD64|Win32.ActiveCfg = Debug_AMD64|Win32
		{BCF8B4BD-E3BA-4C62-B4BB-15F012C6D331}.Debug_AMD64|Win32.Build.0 = Debug_AMD64|Win32
		{BCF8B4BD-E3BA-4C62-B4BB-15F012C6D331}.Debug|Win32.ActiveCfg = Debug|Win32
		{BCF8B4BD-E3BA-4C62-B4BB-15F012C6D331}.Debug|Win32.Build.0 = Debug|Win32
		{BCF8B4BD-E3BA-4C62-B4BB-15F012C6D331}.DebugDLL|Win32.ActiveCfg = Debug_AMD64|Win32
		{BCF8B4BD-E3BA-4C62-B4BB-15F012C6D331}.DebugSlow|Win32.ActiveCfg = DebugSlow|Win32
		{BCF8B4BD-E3BA-4C62-B4BB-15F012C6D331}.DebugSlow|Win32.Build.0 = DebugSlow|Win32
		{BCF8B4BD-E3BA-4C62-B4BB-15F012C6D331}.Profiling|Win32.ActiveCfg = Profiling|Win32
		{BCF8B4BD-E3BA-4C62-B4BB-15F012C6D331}.Profiling|Win32.Build.0 = Profiling|Win32
		{BCF8B4BD-E3BA-4C62-B4BB-15F012C6D331}.Release_UedDLL|Win32.ActiveCfg = Release|Win32
		{BCF8B4BD-E3BA-4C62-B4BB-15F012C6D331}.Release_UedDLL|Win32.Build.0 = Release|Win32
		{BCF8B4BD-E3BA-4C62-B4BB-15F012C6D331}.Release|Win32.ActiveCfg = Release|Win32
		{BCF8B4BD-E3BA-4C62-B4BB-15F012C6D331}.Release|Win32.Build.0 = Release|Win32
		{BCF8B4BD-E3BA-4C62-B4BB-15F012C6D331}.ReleaseDLL|Win32.ActiveCfg = ReleaseFast|Win32
		{BCF8B4BD-E3BA-4C62-B4BB-15F012C6D331}.ReleaseFast|Win32.ActiveCfg = ReleaseFast|Win32
		{BCF8B4BD-E3BA-4C62-B4BB-15F012C6D331}.ReleaseFast|Win32.Build.0 = ReleaseFast|Win32
		{BCF8B4BD-E3BA-4C62-B4BB-15F012C6D331}.SystemFiles|Win32.ActiveCfg = Release|Win32
		{BCF8B4BD-E3BA-4C62-B4BB-15F012C6D331}.SystemFiles|Win32.Build.0 = Release|Win32
		{BCF8B4BD-E3BA-4C62-B4BB-15F012C6D331}.UnrealScript|Win32.ActiveCfg = Release|Win32
		{BCF8B4BD-E3BA-4C62-B4BB-15F012C6D331}.UnrealScript|Win32.Build.0 = Release|Win32
		{B3878A99-0F64-489C-A3FB-9C95CF995138}.Debug_AMD64|Win32.ActiveCfg = Debug_AMD64|Win32
		{B3878A99-0F64-489C-A3FB-9C95CF995138}.Debug|Win32.ActiveCfg = UnrealScript|Win32
		{B3878A99-0F64-489C-A3FB-9C95CF995138}.DebugDLL|Win32.ActiveCfg = Debug_AMD64|Win32
		{B3878A99-0F64-489C-A3FB-9C95CF995138}.DebugSlow|Win32.ActiveCfg = UnrealScript|Win32
		{B3878A99-0F64-489C-A3FB-9C95CF995138}.Profiling|Win32.ActiveCfg = UnrealScript|Win32
		{B3878A99-0F64-489C-A3FB-9C95CF995138}.Release_UedDLL|Win32.ActiveCfg = UnrealScript|Win32
		{B3878A99-0F64-489C-A3FB-9C95CF995138}.Release|Win32.ActiveCfg = UnrealScript|Win32
		{B3878A99-0F64-489C-A3FB-9C95CF995138}.ReleaseDLL|Win32.ActiveCfg = Debug_AMD64|Win32
		{B3878A99-0F64-489C-A3FB-9C95CF995138}.ReleaseFast|Win32.ActiveCfg = UnrealScript|Win32
		{B3878A99-0F64-489C-A3FB-9C95CF995138}.SystemFiles|Win32.ActiveCfg = UnrealScript|Win32
		{B3878A99-0F64-489C-A3FB-9C95CF995138}.SystemFiles|Win32.Build.0 = UnrealScript|Win32
		{B3878A99-0F64-489C-A3FB-9C95CF995138}.UnrealScript|Win32.ActiveCfg = UnrealScript|Win32
		{B3878A99-0F64-489C-A3FB-9C95CF995138}.UnrealScript|Win32.Build.0 = UnrealScript|Win32
		{687C1A13-0481-412B-B6FB-BCA8A5DCB29C}.Debug_AMD64|Win32.ActiveCfg = Debug_AMD64|Win32
		{687C1A13-0481-412B-B6FB-BCA8A5DCB29C}.Debug_AMD64|Win32.Build.0 = Debug_AMD64|Win32
		{687C1A13-0481-412B-B6FB-BCA8A5DCB29C}.Debug|Win32.ActiveCfg = Debug|Win32
		{687C1A13-0481-412B-B6FB-BCA8A5DCB29C}.Debug|Win32.Build.0 = Debug|Win32
		{687C1A13-0481-412B-B6FB-BCA8A5DCB29C}.DebugDLL|Win32.ActiveCfg = Debug_AMD64|Win32
		{687C1A13-0481-412B-B6FB-BCA8A5DCB29C}.DebugSlow|Win32.ActiveCfg = DebugSlow|Win32
		{687C1A13-0481-412B-B6FB-BCA8A5DCB29C}.DebugSlow|Win32.Build.0 = DebugSlow|Win32
		{687C1A13-0481-412B-B6FB-BCA8A5DCB29C}.Profiling|Win32.ActiveCfg = Profiling|Win32
		{687C1A13-0481-412B-B6FB-BCA8A5DCB29C}.Profiling|Win32.Build.0 = Profiling|Win32
		{687C1A13-0481-412B-B6FB-BCA8A5DCB29C}.Release_UedDLL|Win32.ActiveCfg = Release|Win32
		{687C1A13-0481-412B-B6FB-BCA8A5DCB29C}.Release_UedDLL|Win32.Build.0 = Release|Win32
		{687C1A13-0481-412B-B6FB-BCA8A5DCB29C}.Release|Win32.ActiveCfg = Release|Win32
		{687C1A13-0481-412B-B6FB-BCA8A5DCB29C}.Release|Win32.Build.0 = Release|Win32
		{687C1A13-0481-412B-B6FB-BCA8A5DCB29C}.ReleaseDLL|Win32.ActiveCfg = ReleaseFast|Win32
		{687C1A13-0481-412B-B6FB-BCA8A5DCB29C}.ReleaseFast|Win32.ActiveCfg = ReleaseFast|Win32
		{687C1A13-0481-412B-B6FB-BCA8A5DCB29C}.ReleaseFast|Win32.Build.0 = ReleaseFast|Win32
		{687C1A13-0481-412B-B6FB-BCA8A5DCB29C}.SystemFiles|Win32.ActiveCfg = Release|Win32
		{687C1A13-0481-412B-B6FB-BCA8A5DCB29C}.SystemFiles|Win32.Build.0 = Release|Win32
		{687C1A13-0481-412B-B6FB-BCA8A5DCB29C}.UnrealScript|Win32.ActiveCfg = Release|Win32
		{687C1A13-0481-412B-B6FB-BCA8A5DCB29C}.UnrealScript|Win32.Build.0 = Release|Win32
		{432F09A8-B6D8-4D6C-9176-C4D604CE05BB}.Debug_AMD64|Win32.ActiveCfg = Debug_AMD64|Win32
		{432F09A8-B6D8-4D6C-9176-C4D604CE05BB}.Debug|Win32.ActiveCfg = UnrealScript|Win32
		{432F09A8-B6D8-4D6C-9176-C4D604CE05BB}.DebugDLL|Win32.ActiveCfg = Debug_AMD64|Win32
		{432F09A8-B6D8-4D6C-9176-C4D604CE05BB}.DebugSlow|Win32.ActiveCfg = UnrealScript|Win32
		{432F09A8-B6D8-4D6C-9176-C4D604CE05BB}.Profiling|Win32.ActiveCfg = UnrealScript|Win32
		{432F09A8-B6D8-4D6C-9176-C4D604CE05BB}.Release_UedDLL|Win32.ActiveCfg = UnrealScript|Win32
		{432F09A8-B6D8-4D6C-9176-C4D604CE05BB}.Release|Win32.ActiveCfg = UnrealScript|Win32
		{432F09A8-B6D8-4D6C-9176-C4D604CE05BB}.ReleaseDLL|Win32.ActiveCfg = Debug_AMD64|Win32
		{432F09A8-B6D8-4D6C-9176-C4D604CE05BB}.ReleaseFast|Win32.ActiveCfg = UnrealScript|Win32
		{432F09A8-B6D8-4D6C-9176-C4D604CE05BB}.SystemFiles|Win32.ActiveCfg = UnrealScript|Win32
		{432F09A8-B6D8-4D6C-9176-C4D604CE05BB}.SystemFiles|Win32.Build.0 = UnrealScript|Win32
		{432F09A8-B6D8-4D6C-9176-C4D604CE05BB}.UnrealScript|Win32.ActiveCfg = UnrealScript|Win32
		{432F09A8-B6D8-4D6C-9176-C4D604CE05BB}.UnrealScript|Win32.Build.0 = UnrealScript|Win32
		{315A06EC-D373-4EA7-AD4F-85872143521E}.Debug_AMD64|Win32.ActiveCfg = Debug_AMD64|Win32
		{315A06EC-D373-4EA7-AD4F-85872143521E}.Debug|Win32.ActiveCfg = UnrealScript|Win32
		{315A06EC-D373-4EA7-AD4F-85872143521E}.DebugDLL|Win32.ActiveCfg = Debug_AMD64|Win32
		{315A06EC-D373-4EA7-AD4F-85872143521E}.DebugSlow|Win32.ActiveCfg = UnrealScript|Win32
		{315A06EC-D373-4EA7-AD4F-85872143521E}.Profiling|Win32.ActiveCfg = UnrealScript|Win32
		{315A06EC-D373-4EA7-AD4F-85872143521E}.Release_UedDLL|Win32.ActiveCfg = UnrealScript|Win32
		{315A06EC-D373-4EA7-AD4F-85872143521E}.Release|Win32.ActiveCfg = UnrealScript|Win32
		{315A06EC-D373-4EA7-AD4F-85872143521E}.ReleaseDLL|Win32.ActiveCfg = Debug_AMD64|Win32
		{315A06EC-D373-4EA7-AD4F-85872143521E}.ReleaseFast|Win32.ActiveCfg = UnrealScript|Win32
		{315A06EC-D373-4EA7-AD4F-85872143521E}.SystemFiles|Win32.ActiveCfg = UnrealScript|Win32
		{315A06EC-D373-4EA7-AD4F-85872143521E}.SystemFiles|Win32.Build.0 = UnrealScript|Win32
		{315A06EC-D373-4EA7-AD4F-85872143521E}.UnrealScript|Win32.ActiveCfg = UnrealScript|Win32
		{315A06EC-D373-4EA7-AD4F-85872143521E}.UnrealScript|Win32.Build.0 = UnrealScript|Win32
		{CB660AD1-6079-4ECC-96F8-7F1D88F4C560}.Debug_AMD64|Win32.ActiveCfg = Debug_AMD64|Win32
		{CB660AD1-6079-4ECC-96F8-7F1D88F4C560}.Debug|Win32.ActiveCfg = UnrealScript|Win32
		{CB660AD1-6079-4ECC-96F8-7F1D88F4C560}.DebugDLL|Win32.ActiveCfg = Debug_AMD64|Win32
		{CB660AD1-6079-4ECC-96F8-7F1D88F4C560}.DebugSlow|Win32.ActiveCfg = UnrealScript|Win32
		{CB660AD1-6079-4ECC-96F8-7F1D88F4C560}.Profiling|Win32.ActiveCfg = UnrealScript|Win32
		{CB660AD1-6079-4ECC-96F8-7F1D88F4C560}.Release_UedDLL|Win32.ActiveCfg = UnrealScript|Win32
		{CB660AD1-6079-4ECC-96F8-7F1D88F4C560}.Release|Win32.ActiveCfg = UnrealScript|Win32
		{CB660AD1-6079-4ECC-96F8-7F1D88F4C560}.ReleaseDLL|Win32.ActiveCfg = Debug_AMD64|Win32
		{CB660AD1-6079-4ECC-96F8-7F1D88F4C560}.ReleaseFast|Win32.ActiveCfg = UnrealScript|Win32
		{CB660AD1-6079-4ECC-96F8-7F1D88F4C560}.SystemFiles|Win32.ActiveCfg = UnrealScript|Win32
		{CB660AD1-6079-4ECC-96F8-7F1D88F4C560}.SystemFiles|Win32.Build.0 = UnrealScript|Win32
		{CB660AD1-6079-4ECC-96F8-7F1D88F4C560}.UnrealScript|Win32.ActiveCfg = UnrealScript|Win32
		{CB660AD1-6079-4ECC-96F8-7F1D88F4C560}.UnrealScript|Win32.Build.0 = UnrealScript|Win32
		{02F69EAD-9B84-4309-87F7-B71BB3D3E8D8}.Debug_AMD64|Win32.ActiveCfg = Debug_AMD64|Win32
		{02F69EAD-9B84-4309-87F7-B71BB3D3E8D8}.Debug|Win32.ActiveCfg = UnrealScript|Win32
		{02F69EAD-9B84-4309-87F7-B71BB3D3E8D8}.DebugDLL|Win32.ActiveCfg = Debug_AMD64|Win32
		{02F69EAD-9B84-4309-87F7-B71BB3D3E8D8}.DebugSlow|Win32.ActiveCfg = UnrealScript|Win32
		{02F69EAD-9B84-4309-87F7-B71BB3D3E8D8}.Profiling|Win32.ActiveCfg = UnrealScript|Win32
		{02F69EAD-9B84-4309-87F7-B71BB3D3E8D8}.Release_UedDLL|Win32.ActiveCfg = UnrealScript|Win32
		{02F69EAD-9B84-4309-87F7-B71BB3D3E8D8}.Release|Win32.ActiveCfg = UnrealScript|Win32
		{02F69EAD-9B84-4309-87F7-B71BB3D3E8D8}.ReleaseDLL|Win32.ActiveCfg = Debug_AMD64|Win32
		{02F69EAD-9B84-4309-87F7-B71BB3D3E8D8}.ReleaseFast|Win32.ActiveCfg = UnrealScript|Win32
		{02F69EAD-9B84-4309-87F7-B71BB3D3E8D8}.SystemFiles|Win32.ActiveCfg = UnrealScript|Win32
		{02F69EAD-9B84-4309-87F7-B71BB3D3E8D8}.SystemFiles|Win32.Build.0 = UnrealScript|Win32
		{02F69EAD-9B84-4309-87F7-B71BB3D3E8D8}.UnrealScript|Win32.ActiveCfg = UnrealScript|Win32
		{02F69EAD-9B84-4309-87F7-B71BB3D3E8D8}.UnrealScript|Win32.Build.0 = UnrealScript|Win32
		{0196B646-AF8F-4D83-A6B9-1FFF9EA328E6}.Debug_AMD64|Win32.ActiveCfg = Debug_AMD64|Win32
		{0196B646-AF8F-4D83-A6B9-1FFF9EA328E6}.Debug_AMD64|Win32.Build.0 = Debug_AMD64|Win32
		{0196B646-AF8F-4D83-A6B9-1FFF9EA328E6}.Debug|Win32.ActiveCfg = Debug|Win32
		{0196B646-AF8F-4D83-A6B9-1FFF9EA328E6}.Debug|Win32.Build.0 = Debug|Win32
		{0196B646-AF8F-4D83-A6B9-1FFF9EA328E6}.DebugDLL|Win32.ActiveCfg = Debug_AMD64|Win32
		{0196B646-AF8F-4D83-A6B9-1FFF9EA328E6}.DebugSlow|Win32.ActiveCfg = DebugSlow|Win32
		{0196B646-AF8F-4D83-A6B9-1FFF9EA328E6}.DebugSlow|Win32.Build.0 = DebugSlow|Win32
		{0196B646-AF8F-4D83-A6B9-1FFF9EA328E6}.Profiling|Win32.ActiveCfg = Profiling|Win32
		{0196B646-AF8F-4D83-A6B9-1FFF9EA328E6}.Profiling|Win32.Build.0 = Profiling|Win32
		{0196B646-AF8F-4D83-A6B9-1FFF9EA328E6}.Release_UedDLL|Win32.ActiveCfg = Release|Win32
		{0196B646-AF8F-4D83-A6B9-1FFF9EA328E6}.Release_UedDLL|Win32.Build.0 = Release|Win32
		{0196B646-AF8F-4D83-A6B9-1FFF9EA328E6}.Release|Win32.ActiveCfg = Release|Win32
		{0196B646-AF8F-4D83-A6B9-1FFF9EA328E6}.Release|Win32.Build.0 = Release|Win32
		{0196B646-AF8F-4D83-A6B9-1FFF9EA328E6}.ReleaseDLL|Win32.ActiveCfg = ReleaseFast|Win32
		{0196B646-AF8F-4D83-A6B9-1FFF9EA328E6}.ReleaseFast|Win32.ActiveCfg = ReleaseFast|Win32
		{0196B646-AF8F-4D83-A6B9-1FFF9EA328E6}.ReleaseFast|Win32.Build.0 = ReleaseFast|Win32
		{0196B646-AF8F-4D83-A6B9-1FFF9EA328E6}.SystemFiles|Win32.ActiveCfg = Debug|Win32
		{0196B646-AF8F-4D83-A6B9-1FFF9EA328E6}.SystemFiles|Win32.Build.0 = Debug|Win32
		{0196B646-AF8F-4D83-A6B9-1FFF9EA328E6}.UnrealScript|Win32.ActiveCfg = Debug|Win32
		{0196B646-AF8F-4D83-A6B9-1FFF9EA328E6}.UnrealScript|Win32.Build.0 = Debug|Win32
		{A51D1343-EC3C-4507-8A14-5084CDABDB52}.Debug_AMD64|Win32.ActiveCfg = Debug_AMD64|Win32
		{A51D1343-EC3C-4507-8A14-5084CDABDB52}.Debug_AMD64|Win32.Build.0 = Debug_AMD64|Win32
		{A51D1343-EC3C-4507-8A14-5084CDABDB52}.Debug|Win32.ActiveCfg = Debug|Win32
		{A51D1343-EC3C-4507-8A14-5084CDABDB52}.Debug|Win32.Build.0 = Debug|Win32
		{A51D1343-EC3C-4507-8A14-5084CDABDB52}.DebugDLL|Win32.ActiveCfg = Debug_AMD64|Win32
		{A51D1343-EC3C-4507-8A14-5084CDABDB52}.DebugSlow|Win32.ActiveCfg = DebugSlow|Win32
		{A51D1343-EC3C-4507-8A14-5084CDABDB52}.DebugSlow|Win32.Build.0 = DebugSlow|Win32
		{A51D1343-EC3C-4507-8A14-5084CDABDB52}.Profiling|Win32.ActiveCfg = Profiling|Win32
		{A51D1343-EC3C-4507-8A14-5084CDABDB52}.Profiling|Win32.Build.0 = Profiling|Win32
		{A51D1343-EC3C-4507-8A14-5084CDABDB52}.Release_UedDLL|Win32.ActiveCfg = Release|Win32
		{A51D1343-EC3C-4507-8A14-5084CDABDB52}.Release_UedDLL|Win32.Build.0 = Release|Win32
		{A51D1343-EC3C-4507-8A14-5084CDABDB52}.Release|Win32.ActiveCfg = Release|Win32
		{A51D1343-EC3C-4507-8A14-5084CDABDB52}.Release|Win32.Build.0 = Release|Win32
		{A51D1343-EC3C-4507-8A14-5084CDABDB52}.ReleaseDLL|Win32.ActiveCfg = ReleaseFast|Win32
		{A51D1343-EC3C-4507-8A14-5084CDABDB52}.ReleaseFast|Win32.ActiveCfg = ReleaseFast|Win32
		{A51D1343-EC3C-4507-8A14-5084CDABDB52}.ReleaseFast|Win32.Build.0 = ReleaseFast|Win32
		{A51D1343-EC3C-4507-8A14-5084CDABDB52}.SystemFiles|Win32.ActiveCfg = Debug|Win32
		{A51D1343-EC3C-4507-8A14-5084CDABDB52}.SystemFiles|Win32.Build.0 = Debug|Win32
		{A51D1343-EC3C-4507-8A14-5084CDABDB52}.UnrealScript|Win32.ActiveCfg = Debug|Win32
		{A51D1343-EC3C-4507-8A14-5084CDABDB52}.UnrealScript|Win32.Build.0 = Debug|Win32
		{6C09A0F5-68C1-4696-8961-26E2E6A17F19}.Debug_AMD64|Win32.ActiveCfg = Debug_AMD64|Win32
		{6C09A0F5-68C1-4696-8961-26E2E6A17F19}.Debug_AMD64|Win32.Build.0 = Debug_AMD64|Win32
		{6C09A0F5-68C1-4696-8961-26E2E6A17F19}.Debug|Win32.ActiveCfg = Debug|Win32
		{6C09A0F5-68C1-4696-8961-26E2E6A17F19}.Debug|Win32.Build.0 = Debug|Win32
		{6C09A0F5-68C1-4696-8961-26E2E6A17F19}.DebugDLL|Win32.ActiveCfg = Debug_AMD64|Win32
		{6C09A0F5-68C1-4696-8961-26E2E6A17F19}.DebugSlow|Win32.ActiveCfg = DebugSlow|Win32
		{6C09A0F5-68C1-4696-8961-26E2E6A17F19}.DebugSlow|Win32.Build.0 = DebugSlow|Win32
		{6C09A0F5-68C1-4696-8961-26E2E6A17F19}.Profiling|Win32.ActiveCfg = Profiling|Win32
		{6C09A0F5-68C1-4696-8961-26E2E6A17F19}.Profiling|Win32.Build.0 = Profiling|Win32
		{6C09A0F5-68C1-4696-8961-26E2E6A17F19}.Release_UedDLL|Win32.ActiveCfg = Release|Win32
		{6C09A0F5-68C1-4696-8961-26E2E6A17F19}.Release_UedDLL|Win32.Build.0 = Release|Win32
		{6C09A0F5-68C1-4696-8961-26E2E6A17F19}.Release|Win32.ActiveCfg = Release|Win32
		{6C09A0F5-68C1-4696-8961-26E2E6A17F19}.Release|Win32.Build.0 = Release|Win32
		{6C09A0F5-68C1-4696-8961-26E2E6A17F19}.ReleaseDLL|Win32.ActiveCfg = ReleaseFast|Win32
		{6C09A0F5-68C1-4696-8961-26E2E6A17F19}.ReleaseFast|Win32.ActiveCfg = ReleaseFast|Win32
		{6C09A0F5-68C1-4696-8961-26E2E6A17F19}.ReleaseFast|Win32.Build.0 = ReleaseFast|Win32
		{6C09A0F5-68C1-4696-8961-26E2E6A17F19}.SystemFiles|Win32.ActiveCfg = Debug|Win32
		{6C09A0F5-68C1-4696-8961-26E2E6A17F19}.SystemFiles|Win32.Build.0 = Debug|Win32
		{6C09A0F5-68C1-4696-8961-26E2E6A17F19}.UnrealScript|Win32.ActiveCfg = Debug|Win32
		{6C09A0F5-68C1-4696-8961-26E2E6A17F19}.UnrealScript|Win32.Build.0 = Debug|Win32
		{FED37248-858B-4EE9-89F9-5F2FB68C3C70}.Debug_AMD64|Win32.ActiveCfg = Debug_AMD64|Win32
		{FED37248-858B-4EE9-89F9-5F2FB68C3C70}.Debug|Win32.ActiveCfg = Debug|Win32
		{FED37248-858B-4EE9-89F9-5F2FB68C3C70}.Debug|Win32.Build.0 = Debug|Win32
		{FED37248-858B-4EE9-89F9-5F2FB68C3C70}.DebugDLL|Win32.ActiveCfg = Debug_AMD64|Win32
		{FED37248-858B-4EE9-89F9-5F2FB68C3C70}.DebugSlow|Win32.ActiveCfg = Debug|Win32
		{FED37248-858B-4EE9-89F9-5F2FB68C3C70}.DebugSlow|Win32.Build.0 = Debug|Win32
		{FED37248-858B-4EE9-89F9-5F2FB68C3C70}.Profiling|Win32.ActiveCfg = Profiling|Win32
		{FED37248-858B-4EE9-89F9-5F2FB68C3C70}.Profiling|Win32.Build.0 = Profiling|Win32
		{FED37248-858B-4EE9-89F9-5F2FB68C3C70}.Release_UedDLL|Win32.ActiveCfg = Release|Win32
		{FED37248-858B-4EE9-89F9-5F2FB68C3C70}.Release_UedDLL|Win32.Build.0 = Release|Win32
		{FED37248-858B-4EE9-89F9-5F2FB68C3C70}.Release|Win32.ActiveCfg = Release|Win32
		{FED37248-858B-4EE9-89F9-5F2FB68C3C70}.Release|Win32.Build.0 = Release|Win32
		{FED37248-858B-4EE9-89F9-5F2FB68C3C70}.ReleaseDLL|Win32.ActiveCfg = Release|Win32
		{FED37248-858B-4EE9-89F9-5F2FB68C3C70}.ReleaseFast|Win32.ActiveCfg = Release|Win32
		{FED37248-858B-4EE9-89F9-5F2FB68C3C70}.ReleaseFast|Win32.Build.0 = Release|Win32
		{FED37248-858B-4EE9-89F9-5F2FB68C3C70}.SystemFiles|Win32.ActiveCfg = Release|Win32
		{FED37248-858B-4EE9-89F9-5F2FB68C3C70}.SystemFiles|Win32.Build.0 = Release|Win32
		{FED37248-858B-4EE9-89F9-5F2FB68C3C70}.UnrealScript|Win32.ActiveCfg = Release|Win32
		{FED37248-858B-4EE9-89F9-5F2FB68C3C70}.UnrealScript|Win32.Build.0 = Release|Win32
		{61B41056-F4D9-43A7-8FE5-5BF80997049A}.Debug_AMD64|Win32.ActiveCfg = Debug_AMD64|Win32
		{61B41056-F4D9-43A7-8FE5-5BF80997049A}.Debug|Win32.ActiveCfg = Debug|Win32
		{61B41056-F4D9-43A7-8FE5-5BF80997049A}.Debug|Win32.Build.0 = Debug|Win32
		{61B41056-F4D9-43A7-8FE5-5BF80997049A}.DebugDLL|Win32.ActiveCfg = Debug_AMD64|Win32
		{61B41056-F4D9-43A7-8FE5-5BF80997049A}.DebugSlow|Win32.ActiveCfg = DebugSlow|Win32
		{61B41056-F4D9-43A7-8FE5-5BF80997049A}.DebugSlow|Win32.Build.0 = DebugSlow|Win32
		{61B41056-F4D9-43A7-8FE5-5BF80997049A}.Profiling|Win32.ActiveCfg = Profiling|Win32
		{61B41056-F4D9-43A7-8FE5-5BF80997049A}.Profiling|Win32.Build.0 = Profiling|Win32
		{61B41056-F4D9-43A7-8FE5-5BF80997049A}.Release_UedDLL|Win32.ActiveCfg = Release|Win32
		{61B41056-F4D9-43A7-8FE5-5BF80997049A}.Release_UedDLL|Win32.Build.0 = Release|Win32
		{61B41056-F4D9-43A7-8FE5-5BF80997049A}.Release|Win32.ActiveCfg = Release|Win32
		{61B41056-F4D9-43A7-8FE5-5BF80997049A}.Release|Win32.Build.0 = Release|Win32
		{61B41056-F4D9-43A7-8FE5-5BF80997049A}.ReleaseDLL|Win32.ActiveCfg = Release|Win32
		{61B41056-F4D9-43A7-8FE5-5BF80997049A}.ReleaseFast|Win32.ActiveCfg = ReleaseFast|Win32
		{61B41056-F4D9-43A7-8FE5-5BF80997049A}.ReleaseFast|Win32.Build.0 = ReleaseFast|Win32
		{61B41056-F4D9-43A7-8FE5-5BF80997049A}.SystemFiles|Win32.ActiveCfg = Debug|Win32
		{61B41056-F4D9-43A7-8FE5-5BF80997049A}.SystemFiles|Win32.Build.0 = Debug|Win32
		{61B41056-F4D9-43A7-8FE5-5BF80997049A}.UnrealScript|Win32.ActiveCfg = Debug|Win32
		{61B41056-F4D9-43A7-8FE5-5BF80997049A}.UnrealScript|Win32.Build.0 = Debug|Win32
		{8E6B21FC-32DF-4F70-AACC-0134325E06FE}.Debug_AMD64|Win32.ActiveCfg = Debug_AMD64|Win32
		{8E6B21FC-32DF-4F70-AACC-0134325E06FE}.Debug|Win32.ActiveCfg = UnrealScript|Win32
		{8E6B21FC-32DF-4F70-AACC-0134325E06FE}.DebugDLL|Win32.ActiveCfg = Debug_AMD64|Win32
		{8E6B21FC-32DF-4F70-AACC-0134325E06FE}.DebugSlow|Win32.ActiveCfg = UnrealScript|Win32
		{8E6B21FC-32DF-4F70-AACC-0134325E06FE}.Profiling|Win32.ActiveCfg = UnrealScript|Win32
		{8E6B21FC-32DF-4F70-AACC-0134325E06FE}.Release_UedDLL|Win32.ActiveCfg = UnrealScript|Win32
		{8E6B21FC-32DF-4F70-AACC-0134325E06FE}.Release|Win32.ActiveCfg = UnrealScript|Win32
		{8E6B21FC-32DF-4F70-AACC-0134325E06FE}.ReleaseDLL|Win32.ActiveCfg = Debug_AMD64|Win32
		{8E6B21FC-32DF-4F70-AACC-0134325E06FE}.ReleaseFast|Win32.ActiveCfg = UnrealScript|Win32
		{8E6B21FC-32DF-4F70-AACC-0134325E06FE}.SystemFiles|Win32.ActiveCfg = UnrealScript|Win32
		{8E6B21FC-32DF-4F70-AACC-0134325E06FE}.UnrealScript|Win32.ActiveCfg = UnrealScript|Win32
		{0B59544F-58D0-4457-B2C0-FA38E003FE38}.Debug_AMD64|Win32.ActiveCfg = Debug_AMD64|Win32
		{0B59544F-58D0-4457-B2C0-FA38E003FE38}.Debug|Win32.ActiveCfg = UnrealScript|Win32
		{0B59544F-58D0-4457-B2C0-FA38E003FE38}.DebugDLL|Win32.ActiveCfg = Debug_AMD64|Win32
		{0B59544F-58D0-4457-B2C0-FA38E003FE38}.DebugSlow|Win32.ActiveCfg = UnrealScript|Win32
		{0B59544F-58D0-4457-B2C0-FA38E003FE38}.Profiling|Win32.ActiveCfg = UnrealScript|Win32
		{0B59544F-58D0-4457-B2C0-FA38E003FE38}.Release_UedDLL|Win32.ActiveCfg = UnrealScript|Win32
		{0B59544F-58D0-4457-B2C0-FA38E003FE38}.Release|Win32.ActiveCfg = UnrealScript|Win32
		{0B59544F-58D0-4457-B2C0-FA38E003FE38}.ReleaseDLL|Win32.ActiveCfg = Debug_AMD64|Win32
		{0B59544F-58D0-4457-B2C0-FA38E003FE38}.ReleaseFast|Win32.ActiveCfg = UnrealScript|Win32
		{0B59544F-58D0-4457-B2C0-FA38E003FE38}.SystemFiles|Win32.ActiveCfg = UnrealScript|Win32
		{0B59544F-58D0-4457-B2C0-FA38E003FE38}.UnrealScript|Win32.ActiveCfg = UnrealScript|Win32
		{A6B4ECDC-50C2-4086-85F7-CB8AA44C16A1}.Debug_AMD64|Win32.ActiveCfg = Debug_AMD64|Win32
		{A6B4ECDC-50C2-4086-85F7-CB8AA44C16A1}.Debug|Win32.ActiveCfg = UnrealScript|Win32
		{A6B4ECDC-50C2-4086-85F7-CB8AA44C16A1}.DebugDLL|Win32.ActiveCfg = Debug_AMD64|Win32
		{A6B4ECDC-50C2-4086-85F7-CB8AA44C16A1}.DebugSlow|Win32.ActiveCfg = UnrealScript|Win32
		{A6B4ECDC-50C2-4086-85F7-CB8AA44C16A1}.Profiling|Win32.ActiveCfg = UnrealScript|Win32
		{A6B4ECDC-50C2-4086-85F7-CB8AA44C16A1}.Release_UedDLL|Win32.ActiveCfg = UnrealScript|Win32
		{A6B4ECDC-50C2-4086-85F7-CB8AA44C16A1}.Release|Win32.ActiveCfg = UnrealScript|Win32
		{A6B4ECDC-50C2-4086-85F7-CB8AA44C16A1}.ReleaseDLL|Win32.ActiveCfg = Debug_AMD64|Win32
		{A6B4ECDC-50C2-4086-85F7-CB8AA44C16A1}.ReleaseFast|Win32.ActiveCfg = UnrealScript|Win32
		{A6B4ECDC-50C2-4086-85F7-CB8AA44C16A1}.SystemFiles|Win32.ActiveCfg = UnrealScript|Win32
		{A6B4ECDC-50C2-4086-85F7-CB8AA44C16A1}.UnrealScript|Win32.ActiveCfg = UnrealScript|Win32
		{BD6AD13F-C4B6-476A-8763-8B1F0DE1513E}.Debug_AMD64|Win32.ActiveCfg = Debug_AMD64|Win32
		{BD6AD13F-C4B6-476A-8763-8B1F0DE1513E}.Debug|Win32.ActiveCfg = Debug|Win32
		{BD6AD13F-C4B6-476A-8763-8B1F0DE1513E}.Debug|Win32.Build.0 = Debug|Win32
		{BD6AD13F-C4B6-476A-8763-8B1F0DE1513E}.DebugDLL|Win32.ActiveCfg = Debug_AMD64|Win32
		{BD6AD13F-C4B6-476A-8763-8B1F0DE1513E}.DebugSlow|Win32.ActiveCfg = Debug|Win32
		{BD6AD13F-C4B6-476A-8763-8B1F0DE1513E}.DebugSlow|Win32.Build.0 = Debug|Win32
		{BD6AD13F-C4B6-476A-8763-8B1F0DE1513E}.Profiling|Win32.ActiveCfg = Debug|Win32
		{BD6AD13F-C4B6-476A-8763-8B1F0DE1513E}.Release_UedDLL|Win32.ActiveCfg = Release|Win32
		{BD6AD13F-C4B6-476A-8763-8B1F0DE1513E}.Release_UedDLL|Win32.Build.0 = Release|Win32
		{BD6AD13F-C4B6-476A-8763-8B1F0DE1513E}.Release|Win32.ActiveCfg = Release|Win32
		{BD6AD13F-C4B6-476A-8763-8B1F0DE1513E}.Release|Win32.Build.0 = Release|Win32
		{BD6AD13F-C4B6-476A-8763-8B1F0DE1513E}.ReleaseDLL|Win32.ActiveCfg = Release|Win32
		{BD6AD13F-C4B6-476A-8763-8B1F0DE1513E}.ReleaseFast|Win32.ActiveCfg = Release|Win32
		{BD6AD13F-C4B6-476A-8763-8B1F0DE1513E}.ReleaseFast|Win32.Build.0 = Release|Win32
		{BD6AD13F-C4B6-476A-8763-8B1F0DE1513E}.SystemFiles|Win32.ActiveCfg = Debug|Win32
		{BD6AD13F-C4B6-476A-8763-8B1F0DE1513E}.SystemFiles|Win32.Build.0 = Debug|Win32
		{BD6AD13F-C4B6-476A-8763-8B1F0DE1513E}.UnrealScript|Win32.ActiveCfg = Debug|Win32
		{BD6AD13F-C4B6-476A-8763-8B1F0DE1513E}.UnrealScript|Win32.Build.0 = Debug|Win32
		{BD7B1AF4-6AB5-40BE-B29F-2386B4489A15}.Debug_AMD64|Win32.ActiveCfg = Debug_AMD64|Win32
		{BD7B1AF4-6AB5-40BE-B29F-2386B4489A15}.Debug_AMD64|Win32.Build.0 = Debug_AMD64|Win32
		{BD7B1AF4-6AB5-40BE-B29F-2386B4489A15}.Debug|Win32.ActiveCfg = UnrealScript|Win32
		{BD7B1AF4-6AB5-40BE-B29F-2386B4489A15}.Debug|Win32.Build.0 = UnrealScript|Win32
		{BD7B1AF4-6AB5-40BE-B29F-2386B4489A15}.DebugDLL|Win32.ActiveCfg = Debug_AMD64|Win32
		{BD7B1AF4-6AB5-40BE-B29F-2386B4489A15}.DebugSlow|Win32.ActiveCfg = UnrealScript|Win32
		{BD7B1AF4-6AB5-40BE-B29F-2386B4489A15}.DebugSlow|Win32.Build.0 = UnrealScript|Win32
		{BD7B1AF4-6AB5-40BE-B29F-2386B4489A15}.Profiling|Win32.ActiveCfg = UnrealScript|Win32
		{BD7B1AF4-6AB5-40BE-B29F-2386B4489A15}.Profiling|Win32.Build.0 = UnrealScript|Win32
		{BD7B1AF4-6AB5-40BE-B29F-2386B4489A15}.Release_UedDLL|Win32.ActiveCfg = UnrealScript|Win32
		{BD7B1AF4-6AB5-40BE-B29F-2386B4489A15}.Release_UedDLL|Win32.Build.0 = UnrealScript|Win32
		{BD7B1AF4-6AB5-40BE-B29F-2386B4489A15}.Release|Win32.ActiveCfg = UnrealScript|Win32
		{BD7B1AF4-6AB5-40BE-B29F-2386B4489A15}.Release|Win32.Build.0 = UnrealScript|Win32
		{BD7B1AF4-6AB5-40BE-B29F-2386B4489A15}.ReleaseDLL|Win32.ActiveCfg = Debug_AMD64|Win32
		{BD7B1AF4-6AB5-40BE-B29F-2386B4489A15}.ReleaseFast|Win32.ActiveCfg = UnrealScript|Win32
		{BD7B1AF4-6AB5-40BE-B29F-2386B4489A15}.ReleaseFast|Win32.Build.0 = UnrealScript|Win32
		{BD7B1AF4-6AB5-40BE-B29F-2386B4489A15}.SystemFiles|Win32.ActiveCfg = UnrealScript|Win32
		{BD7B1AF4-6AB5-40BE-B29F-2386B4489A15}.SystemFiles|Win32.Build.0 = UnrealScript|Win32
		{BD7B1AF4-6AB5-40BE-B29F-2386B4489A15}.UnrealScript|Win32.ActiveCfg = UnrealScript|Win32
		{BD7B1AF4-6AB5-40BE-B29F-2386B4489A15}.UnrealScript|Win32.Build.0 = UnrealScript|Win32
		{04B2654D-F473-445E-AE3A-CEAAD3373689}.Debug_AMD64|Win32.ActiveCfg = Debug_AMD64|Win32
		{04B2654D-F473-445E-AE3A-CEAAD3373689}.Debug_AMD64|Win32.Build.0 = Debug_AMD64|Win32
		{04B2654D-F473-445E-AE3A-CEAAD3373689}.Debug|Win32.ActiveCfg = Debug|Win32
		{04B2654D-F473-445E-AE3A-CEAAD3373689}.Debug|Win32.Build.0 = Debug|Win32
		{04B2654D-F473-445E-AE3A-CEAAD3373689}.DebugDLL|Win32.ActiveCfg = Debug_AMD64|Win32
		{04B2654D-F473-445E-AE3A-CEAAD3373689}.DebugSlow|Win32.ActiveCfg = Debug|Win32
		{04B2654D-F473-445E-AE3A-CEAAD3373689}.DebugSlow|Win32.Build.0 = Debug|Win32
		{04B2654D-F473-445E-AE3A-CEAAD3373689}.Profiling|Win32.ActiveCfg = Profiling|Win32
		{04B2654D-F473-445E-AE3A-CEAAD3373689}.Profiling|Win32.Build.0 = Profiling|Win32
		{04B2654D-F473-445E-AE3A-CEAAD3373689}.Release_UedDLL|Win32.ActiveCfg = Release|Win32
		{04B2654D-F473-445E-AE3A-CEAAD3373689}.Release_UedDLL|Win32.Build.0 = Release|Win32
		{04B2654D-F473-445E-AE3A-CEAAD3373689}.Release|Win32.ActiveCfg = Release|Win32
		{04B2654D-F473-445E-AE3A-CEAAD3373689}.Release|Win32.Build.0 = Release|Win32
		{04B2654D-F473-445E-AE3A-CEAAD3373689}.ReleaseDLL|Win32.ActiveCfg = Release|Win32
		{04B2654D-F473-445E-AE3A-CEAAD3373689}.ReleaseFast|Win32.ActiveCfg = Release|Win32
		{04B2654D-F473-445E-AE3A-CEAAD3373689}.ReleaseFast|Win32.Build.0 = Release|Win32
		{04B2654D-F473-445E-AE3A-CEAAD3373689}.SystemFiles|Win32.ActiveCfg = Debug|Win32
		{04B2654D-F473-445E-AE3A-CEAAD3373689}.SystemFiles|Win32.Build.0 = Debug|Win32
		{04B2654D-F473-445E-AE3A-CEAAD3373689}.UnrealScript|Win32.ActiveCfg = Debug|Win32
		{04B2654D-F473-445E-AE3A-CEAAD3373689}.UnrealScript|Win32.Build.0 = Debug|Win32
		{8C237209-01E6-4797-9BCA-4675C161F26E}.Debug_AMD64|Win32.ActiveCfg = Debug_AMD64|Win32
		{8C237209-01E6-4797-9BCA-4675C161F26E}.Debug_AMD64|Win32.Build.0 = Debug_AMD64|Win32
		{8C237209-01E6-4797-9BCA-4675C161F26E}.Debug|Win32.ActiveCfg = Debug|Win32
		{8C237209-01E6-4797-9BCA-4675C161F26E}.Debug|Win32.Build.0 = Debug|Win32
		{8C237209-01E6-4797-9BCA-4675C161F26E}.DebugDLL|Win32.ActiveCfg = Debug_AMD64|Win32
		{8C237209-01E6-4797-9BCA-4675C161F26E}.DebugSlow|Win32.ActiveCfg = Debug|Win32
		{8C237209-01E6-4797-9BCA-4675C161F26E}.DebugSlow|Win32.Build.0 = Debug|Win32
		{8C237209-01E6-4797-9BCA-4675C161F26E}.Profiling|Win32.ActiveCfg = Release|Win32
		{8C237209-01E6-4797-9BCA-4675C161F26E}.Profiling|Win32.Build.0 = Release|Win32
		{8C237209-01E6-4797-9BCA-4675C161F26E}.Release_UedDLL|Win32.ActiveCfg = Release|Win32
		{8C237209-01E6-4797-9BCA-4675C161F26E}.Release_UedDLL|Win32.Build.0 = Release|Win32
		{8C237209-01E6-4797-9BCA-4675C161F26E}.Release|Win32.ActiveCfg = Release|Win32
		{8C237209-01E6-4797-9BCA-4675C161F26E}.Release|Win32.Build.0 = Release|Win32
		{8C237209-01E6-4797-9BCA-4675C161F26E}.ReleaseDLL|Win32.ActiveCfg = Release|Win32
		{8C237209-01E6-4797-9BCA-4675C161F26E}.ReleaseFast|Win32.ActiveCfg = Release|Win32
		{8C237209-01E6-4797-9BCA-4675C161F26E}.ReleaseFast|Win32.Build.0 = Release|Win32
		{8C237209-01E6-4797-9BCA-4675C161F26E}.SystemFiles|Win32.ActiveCfg = Release|Win32
		{8C237209-01E6-4797-9BCA-4675C161F26E}.SystemFiles|Win32.Build.0 = Release|Win32
		{8C237209-01E6-4797-9BCA-4675C161F26E}.UnrealScript|Win32.ActiveCfg = Release|Win32
		{8C237209-01E6-4797-9BCA-4675C161F26E}.UnrealScript|Win32.Build.0 = Release|Win32
		{94BF5FAD-D736-41F1-9850-09811D464BAE}.Debug_AMD64|Win32.ActiveCfg = Debug_AMD64|Win32
		{94BF5FAD-D736-41F1-9850-09811D464BAE}.Debug|Win32.ActiveCfg = Debug|Win32
		{94BF5FAD-D736-41F1-9850-09811D464BAE}.Debug|Win32.Build.0 = Debug|Win32
		{94BF5FAD-D736-41F1-9850-09811D464BAE}.DebugDLL|Win32.ActiveCfg = Debug_AMD64|Win32
		{94BF5FAD-D736-41F1-9850-09811D464BAE}.DebugSlow|Win32.ActiveCfg = Debug|Win32
		{94BF5FAD-D736-41F1-9850-09811D464BAE}.DebugSlow|Win32.Build.0 = Debug|Win32
		{94BF5FAD-D736-41F1-9850-09811D464BAE}.Profiling|Win32.ActiveCfg = Release|Win32
		{94BF5FAD-D736-41F1-9850-09811D464BAE}.Profiling|Win32.Build.0 = Release|Win32
		{94BF5FAD-D736-41F1-9850-09811D464BAE}.Release_UedDLL|Win32.ActiveCfg = Release|Win32
		{94BF5FAD-D736-41F1-9850-09811D464BAE}.Release_UedDLL|Win32.Build.0 = Release|Win32
		{94BF5FAD-D736-41F1-9850-09811D464BAE}.Release|Win32.ActiveCfg = Release|Win32
		{94BF5FAD-D736-41F1-9850-09811D464BAE}.Release|Win32.Build.0 = Release|Win32
		{94BF5FAD-D736-41F1-9850-09811D464BAE}.ReleaseDLL|Win32.ActiveCfg = Release|Win32
		{94BF5FAD-D736-41F1-9850-09811D464BAE}.ReleaseFast|Win32.ActiveCfg = Release|Win32
		{94BF5FAD-D736-41F1-9850-09811D464BAE}.ReleaseFast|Win32.Build.0 = Release|Win32
		{94BF5FAD-D736-41F1-9850-09811D464BAE}.SystemFiles|Win32.ActiveCfg = Release|Win32
		{94BF5FAD-D736-41F1-9850-09811D464BAE}.SystemFiles|Win32.Build.0 = Release|Win32
		{94BF5FAD-D736-41F1-9850-09811D464BAE}.UnrealScript|Win32.ActiveCfg = Release|Win32
		{94BF5FAD-D736-41F1-9850-09811D464BAE}.UnrealScript|Win32.Build.0 = Release|Win32
		{1DBAFBBF-899F-4357-8DD7-10E8A4A0F53D}.Debug_AMD64|Win32.ActiveCfg = Debug_AMD64|Win32
		{1DBAFBBF-899F-4357-8DD7-10E8A4A0F53D}.Debug|Win32.ActiveCfg = Debug_AMD64|Win32
		{1DBAFBBF-899F-4357-8DD7-10E8A4A0F53D}.DebugDLL|Win32.ActiveCfg = Debug_AMD64|Win32
		{1DBAFBBF-899F-4357-8DD7-10E8A4A0F53D}.DebugSlow|Win32.ActiveCfg = Debug_AMD64|Win32
		{1DBAFBBF-899F-4357-8DD7-10E8A4A0F53D}.Profiling|Win32.ActiveCfg = Debug_AMD64|Win32
		{1DBAFBBF-899F-4357-8DD7-10E8A4A0F53D}.Release_UedDLL|Win32.ActiveCfg = Debug_AMD64|Win32
		{1DBAFBBF-899F-4357-8DD7-10E8A4A0F53D}.Release|Win32.ActiveCfg = Debug_AMD64|Win32
		{1DBAFBBF-899F-4357-8DD7-10E8A4A0F53D}.ReleaseDLL|Win32.ActiveCfg = Debug_AMD64|Win32
		{1DBAFBBF-899F-4357-8DD7-10E8A4A0F53D}.ReleaseFast|Win32.ActiveCfg = Debug_AMD64|Win32
		{1DBAFBBF-899F-4357-8DD7-10E8A4A0F53D}.SystemFiles|Win32.ActiveCfg = Debug_AMD64|Win32
		{1DBAFBBF-899F-4357-8DD7-10E8A4A0F53D}.UnrealScript|Win32.ActiveCfg = UnrealScript|Win32
		{AA590301-66B8-49DC-B612-ABD340F92578}.Debug_AMD64|Win32.ActiveCfg = Debug_AMD64|Win32
		{AA590301-66B8-49DC-B612-ABD340F92578}.Debug_AMD64|Win32.Build.0 = Debug_AMD64|Win32
		{AA590301-66B8-49DC-B612-ABD340F92578}.Debug|Win32.ActiveCfg = Debug|Win32
		{AA590301-66B8-49DC-B612-ABD340F92578}.Debug|Win32.Build.0 = Debug|Win32
		{AA590301-66B8-49DC-B612-ABD340F92578}.DebugDLL|Win32.ActiveCfg = Debug_AMD64|Win32
		{AA590301-66B8-49DC-B612-ABD340F92578}.DebugSlow|Win32.ActiveCfg = Debug|Win32
		{AA590301-66B8-49DC-B612-ABD340F92578}.DebugSlow|Win32.Build.0 = Debug|Win32
		{AA590301-66B8-49DC-B612-ABD340F92578}.Profiling|Win32.ActiveCfg = Release|Win32
		{AA590301-66B8-49DC-B612-ABD340F92578}.Profiling|Win32.Build.0 = Release|Win32
		{AA590301-66B8-49DC-B612-ABD340F92578}.Release_UedDLL|Win32.ActiveCfg = Release|Win32
		{AA590301-66B8-49DC-B612-ABD340F92578}.Release_UedDLL|Win32.Build.0 = Release|Win32
		{AA590301-66B8-49DC-B612-ABD340F92578}.Release|Win32.ActiveCfg = Release|Win32
		{AA590301-66B8-49DC-B612-ABD340F92578}.Release|Win32.Build.0 = Release|Win32
		{AA590301-66B8-49DC-B612-ABD340F92578}.ReleaseDLL|Win32.ActiveCfg = Release|Win32
		{AA590301-66B8-49DC-B612-ABD340F92578}.ReleaseFast|Win32.ActiveCfg = Release|Win32
		{AA590301-66B8-49DC-B612-ABD340F92578}.ReleaseFast|Win32.Build.0 = Release|Win32
		{AA590301-66B8-49DC-B612-ABD340F92578}.SystemFiles|Win32.ActiveCfg = Release|Win32
		{AA590301-66B8-49DC-B612-ABD340F92578}.SystemFiles|Win32.Build.0 = Release|Win32
		{AA590301-66B8-49DC-B612-ABD340F92578}.UnrealScript|Win32.ActiveCfg = Release|Win32
		{AA590301-66B8-49DC-B612-ABD340F92578}.UnrealScript|Win32.Build.0 = Release|Win32
		{4556F29F-8FCE-421E-A31C-AF47C07DB1F8}.Debug_AMD64|Win32.ActiveCfg = Debug_AMD64|Win32
		{4556F29F-8FCE-421E-A31C-AF47C07DB1F8}.Debug_AMD64|Win32.Build.0 = Debug_AMD64|Win32
		{4556F29F-8FCE-421E-A31C-AF47C07DB1F8}.Debug|Win32.ActiveCfg = Debug|Win32
		{4556F29F-8FCE-421E-A31C-AF47C07DB1F8}.Debug|Win32.Build.0 = Debug|Win32
		{4556F29F-8FCE-421E-A31C-AF47C07DB1F8}.DebugDLL|Win32.ActiveCfg = Debug_AMD64|Win32
		{4556F29F-8FCE-421E-A31C-AF47C07DB1F8}.DebugSlow|Win32.ActiveCfg = Debug|Win32
		{4556F29F-8FCE-421E-A31C-AF47C07DB1F8}.DebugSlow|Win32.Build.0 = Debug|Win32
		{4556F29F-8FCE-421E-A31C-AF47C07DB1F8}.Profiling|Win32.ActiveCfg = Release|Win32
		{4556F29F-8FCE-421E-A31C-AF47C07DB1F8}.Profiling|Win32.Build.0 = Release|Win32
		{4556F29F-8FCE-421E-A31C-AF47C07DB1F8}.Release_UedDLL|Win32.ActiveCfg = Release|Win32
		{4556F29F-8FCE-421E-A31C-AF47C07DB1F8}.Release_UedDLL|Win32.Build.0 = Release|Win32
		{4556F29F-8FCE-421E-A31C-AF47C07DB1F8}.Release|Win32.ActiveCfg = Release|Win32
		{4556F29F-8FCE-421E-A31C-AF47C07DB1F8}.Release|Win32.Build.0 = Release|Win32
		{4556F29F-8FCE-421E-A31C-AF47C07DB1F8}.ReleaseDLL|Win32.ActiveCfg = Release|Win32
		{4556F29F-8FCE-421E-A31C-AF47C07DB1F8}.ReleaseFast|Win32.ActiveCfg = Release|Win32
		{4556F29F-8FCE-421E-A31C-AF47C07DB1F8}.ReleaseFast|Win32.Build.0 = Release|Win32
		{4556F29F-8FCE-421E-A31C-AF47C07DB1F8}.SystemFiles|Win32.ActiveCfg = Release|Win32
		{4556F29F-8FCE-421E-A31C-AF47C07DB1F8}.SystemFiles|Win32.Build.0 = Release|Win32
		{4556F29F-8FCE-421E-A31C-AF47C07DB1F8}.UnrealScript|Win32.ActiveCfg = Release|Win32
		{4556F29F-8FCE-421E-A31C-AF47C07DB1F8}.UnrealScript|Win32.Build.0 = Release|Win32
		{EB658568-003D-41C7-986B-B690C8073DB5}.Debug_AMD64|Win32.ActiveCfg = Debug_AMD64|Win32
		{EB658568-003D-41C7-986B-B690C8073DB5}.Debug_AMD64|Win32.Build.0 = Debug_AMD64|Win32
		{EB658568-003D-41C7-986B-B690C8073DB5}.Debug|Win32.ActiveCfg = Debug|Win32
		{EB658568-003D-41C7-986B-B690C8073DB5}.Debug|Win32.Build.0 = Debug|Win32
		{EB658568-003D-41C7-986B-B690C8073DB5}.DebugDLL|Win32.ActiveCfg = Debug_AMD64|Win32
		{EB658568-003D-41C7-986B-B690C8073DB5}.DebugSlow|Win32.ActiveCfg = Debug|Win32
		{EB658568-003D-41C7-986B-B690C8073DB5}.DebugSlow|Win32.Build.0 = Debug|Win32
		{EB658568-003D-41C7-986B-B690C8073DB5}.Profiling|Win32.ActiveCfg = Release|Win32
		{EB658568-003D-41C7-986B-B690C8073DB5}.Profiling|Win32.Build.0 = Release|Win32
		{EB658568-003D-41C7-986B-B690C8073DB5}.Release_UedDLL|Win32.ActiveCfg = Release|Win32
		{EB658568-003D-41C7-986B-B690C8073DB5}.Release_UedDLL|Win32.Build.0 = Release|Win32
		{EB658568-003D-41C7-986B-B690C8073DB5}.Release|Win32.ActiveCfg = Release|Win32
		{EB658568-003D-41C7-986B-B690C8073DB5}.Release|Win32.Build.0 = Release|Win32
		{EB658568-003D-41C7-986B-B690C8073DB5}.ReleaseDLL|Win32.ActiveCfg = Release|Win32
		{EB658568-003D-41C7-986B-B690C8073DB5}.ReleaseFast|Win32.ActiveCfg = Release|Win32
		{EB658568-003D-41C7-986B-B690C8073DB5}.ReleaseFast|Win32.Build.0 = Release|Win32
		{EB658568-003D-41C7-986B-B690C8073DB5}.SystemFiles|Win32.ActiveCfg = Release|Win32
		{EB658568-003D-41C7-986B-B690C8073DB5}.SystemFiles|Win32.Build.0 = Release|Win32
		{EB658568-003D-41C7-986B-B690C8073DB5}.UnrealScript|Win32.ActiveCfg = Release|Win32
		{EB658568-003D-41C7-986B-B690C8073DB5}.UnrealScript|Win32.Build.0 = Release|Win32
		{A563148B-23B7-475E-AB1C-B24AAAB673EA}.Debug_AMD64|Win32.ActiveCfg = Debug_AMD64|Win32
		{A563148B-23B7-475E-AB1C-B24AAAB673EA}.Debug|Win32.ActiveCfg = Debug|Win32
		{A563148B-23B7-475E-AB1C-B24AAAB673EA}.DebugDLL|Win32.ActiveCfg = Debug_AMD64|Win32
		{A563148B-23B7-475E-AB1C-B24AAAB673EA}.DebugSlow|Win32.ActiveCfg = Debug_AMD64|Win32
		{A563148B-23B7-475E-AB1C-B24AAAB673EA}.Profiling|Win32.ActiveCfg = Debug_AMD64|Win32
		{A563148B-23B7-475E-AB1C-B24AAAB673EA}.Release_UedDLL|Win32.ActiveCfg = Release|Win32
		{A563148B-23B7-475E-AB1C-B24AAAB673EA}.Release|Win32.ActiveCfg = Release|Win32
		{A563148B-23B7-475E-AB1C-B24AAAB673EA}.ReleaseDLL|Win32.ActiveCfg = Release|Win32
		{A563148B-23B7-475E-AB1C-B24AAAB673EA}.ReleaseFast|Win32.ActiveCfg = Release|Win32
		{A563148B-23B7-475E-AB1C-B24AAAB673EA}.SystemFiles|Win32.ActiveCfg = Debug_AMD64|Win32
		{A563148B-23B7-475E-AB1C-B24AAAB673EA}.UnrealScript|Win32.ActiveCfg = Debug_AMD64|Win32
		{AE505638-B22E-4B94-9FD7-426EB0C5801B}.Debug_AMD64|Win32.ActiveCfg = Debug_AMD64|Win32
		{AE505638-B22E-4B94-9FD7-426EB0C5801B}.Debug|Win32.ActiveCfg = Debug|Win32
		{AE505638-B22E-4B94-9FD7-426EB0C5801B}.DebugDLL|Win32.ActiveCfg = Debug_AMD64|Win32
		{AE505638-B22E-4B94-9FD7-426EB0C5801B}.DebugSlow|Win32.ActiveCfg = Debug_AMD64|Win32
		{AE505638-B22E-4B94-9FD7-426EB0C5801B}.Profiling|Win32.ActiveCfg = Profiling|Win32
		{AE505638-B22E-4B94-9FD7-426EB0C5801B}.Release_UedDLL|Win32.ActiveCfg = Release|Win32
		{AE505638-B22E-4B94-9FD7-426EB0C5801B}.Release|Win32.ActiveCfg = Release|Win32
		{AE505638-B22E-4B94-9FD7-426EB0C5801B}.ReleaseDLL|Win32.ActiveCfg = Release|Win32
		{AE505638-B22E-4B94-9FD7-426EB0C5801B}.ReleaseFast|Win32.ActiveCfg = Release|Win32
		{AE505638-B22E-4B94-9FD7-426EB0C5801B}.SystemFiles|Win32.ActiveCfg = Debug_AMD64|Win32
		{AE505638-B22E-4B94-9FD7-426EB0C5801B}.UnrealScript|Win32.ActiveCfg = Debug_AMD64|Win32
		{52C097E2-6E42-4C7D-8ECB-90F5AFD0569B}.Debug_AMD64|Win32.ActiveCfg = Debug_AMD64|Win32
		{52C097E2-6E42-4C7D-8ECB-90F5AFD0569B}.Debug_AMD64|Win32.Build.0 = Debug_AMD64|Win32
		{52C097E2-6E42-4C7D-8ECB-90F5AFD0569B}.Debug|Win32.ActiveCfg = Debug|Win32
		{52C097E2-6E42-4C7D-8ECB-90F5AFD0569B}.Debug|Win32.Build.0 = Debug|Win32
		{52C097E2-6E42-4C7D-8ECB-90F5AFD0569B}.DebugDLL|Win32.ActiveCfg = Debug_AMD64|Win32
		{52C097E2-6E42-4C7D-8ECB-90F5AFD0569B}.DebugSlow|Win32.ActiveCfg = DebugSlow|Win32
		{52C097E2-6E42-4C7D-8ECB-90F5AFD0569B}.DebugSlow|Win32.Build.0 = DebugSlow|Win32
		{52C097E2-6E42-4C7D-8ECB-90F5AFD0569B}.Profiling|Win32.ActiveCfg = Profiling|Win32
		{52C097E2-6E42-4C7D-8ECB-90F5AFD0569B}.Profiling|Win32.Build.0 = Profiling|Win32
		{52C097E2-6E42-4C7D-8ECB-90F5AFD0569B}.Release_UedDLL|Win32.ActiveCfg = ReleaseFast|Win32
		{52C097E2-6E42-4C7D-8ECB-90F5AFD0569B}.Release_UedDLL|Win32.Build.0 = ReleaseFast|Win32
		{52C097E2-6E42-4C7D-8ECB-90F5AFD0569B}.Release|Win32.ActiveCfg = Release|Win32
		{52C097E2-6E42-4C7D-8ECB-90F5AFD0569B}.Release|Win32.Build.0 = Release|Win32
		{52C097E2-6E42-4C7D-8ECB-90F5AFD0569B}.ReleaseDLL|Win32.ActiveCfg = ReleaseFast|Win32
		{52C097E2-6E42-4C7D-8ECB-90F5AFD0569B}.ReleaseFast|Win32.ActiveCfg = ReleaseFast|Win32
		{52C097E2-6E42-4C7D-8ECB-90F5AFD0569B}.ReleaseFast|Win32.Build.0 = ReleaseFast|Win32
		{52C097E2-6E42-4C7D-8ECB-90F5AFD0569B}.SystemFiles|Win32.ActiveCfg = Profiling|Win32
		{52C097E2-6E42-4C7D-8ECB-90F5AFD0569B}.SystemFiles|Win32.Build.0 = Profiling|Win32
		{52C097E2-6E42-4C7D-8ECB-90F5AFD0569B}.UnrealScript|Win32.ActiveCfg = Profiling|Win32
		{52C097E2-6E42-4C7D-8ECB-90F5AFD0569B}.UnrealScript|Win32.Build.0 = Profiling|Win32
		{40AE6ED3-87C3-4695-BEA6-B713531CC3B8}.Debug_AMD64|Win32.ActiveCfg = Debug_AMD64|Win32
		{40AE6ED3-87C3-4695-BEA6-B713531CC3B8}.Debug_AMD64|Win32.Build.0 = Debug_AMD64|Win32
		{40AE6ED3-87C3-4695-BEA6-B713531CC3B8}.Debug|Win32.ActiveCfg = Debug|Win32
		{40AE6ED3-87C3-4695-BEA6-B713531CC3B8}.Debug|Win32.Build.0 = Debug|Win32
		{40AE6ED3-87C3-4695-BEA6-B713531CC3B8}.DebugDLL|Win32.ActiveCfg = Debug_AMD64|Win32
		{40AE6ED3-87C3-4695-BEA6-B713531CC3B8}.DebugSlow|Win32.ActiveCfg = Debug|Win32
		{40AE6ED3-87C3-4695-BEA6-B713531CC3B8}.DebugSlow|Win32.Build.0 = Debug|Win32
		{40AE6ED3-87C3-4695-BEA6-B713531CC3B8}.Profiling|Win32.ActiveCfg = Debug|Win32
		{40AE6ED3-87C3-4695-BEA6-B713531CC3B8}.Profiling|Win32.Build.0 = Debug|Win32
		{40AE6ED3-87C3-4695-BEA6-B713531CC3B8}.Release_UedDLL|Win32.ActiveCfg = Release|Win32
		{40AE6ED3-87C3-4695-BEA6-B713531CC3B8}.Release_UedDLL|Win32.Build.0 = Release|Win32
		{40AE6ED3-87C3-4695-BEA6-B713531CC3B8}.Release|Win32.ActiveCfg = Release|Win32
		{40AE6ED3-87C3-4695-BEA6-B713531CC3B8}.Release|Win32.Build.0 = Release|Win32
		{40AE6ED3-87C3-4695-BEA6-B713531CC3B8}.ReleaseDLL|Win32.ActiveCfg = ReleaseFast|Win32
		{40AE6ED3-87C3-4695-BEA6-B713531CC3B8}.ReleaseFast|Win32.ActiveCfg = Release|Win32
		{40AE6ED3-87C3-4695-BEA6-B713531CC3B8}.ReleaseFast|Win32.Build.0 = Release|Win32
		{40AE6ED3-87C3-4695-BEA6-B713531CC3B8}.SystemFiles|Win32.ActiveCfg = Debug|Win32
		{40AE6ED3-87C3-4695-BEA6-B713531CC3B8}.SystemFiles|Win32.Build.0 = Debug|Win32
		{40AE6ED3-87C3-4695-BEA6-B713531CC3B8}.UnrealScript|Win32.ActiveCfg = Debug|Win32
		{40AE6ED3-87C3-4695-BEA6-B713531CC3B8}.UnrealScript|Win32.Build.0 = Debug|Win32
		{E78E5FB5-E057-44FF-A6BD-B31AAA0E5B9B}.Debug_AMD64|Win32.ActiveCfg = Debug_AMD64|Win32
		{E78E5FB5-E057-44FF-A6BD-B31AAA0E5B9B}.Debug_AMD64|Win32.Build.0 = Debug_AMD64|Win32
		{E78E5FB5-E057-44FF-A6BD-B31AAA0E5B9B}.Debug|Win32.ActiveCfg = Debug|Win32
		{E78E5FB5-E057-44FF-A6BD-B31AAA0E5B9B}.Debug|Win32.Build.0 = Debug|Win32
		{E78E5FB5-E057-44FF-A6BD-B31AAA0E5B9B}.DebugDLL|Win32.ActiveCfg = Debug_AMD64|Win32
		{E78E5FB5-E057-44FF-A6BD-B31AAA0E5B9B}.DebugSlow|Win32.ActiveCfg = DebugSlow|Win32
		{E78E5FB5-E057-44FF-A6BD-B31AAA0E5B9B}.DebugSlow|Win32.Build.0 = DebugSlow|Win32
		{E78E5FB5-E057-44FF-A6BD-B31AAA0E5B9B}.Profiling|Win32.ActiveCfg = Profiling|Win32
		{E78E5FB5-E057-44FF-A6BD-B31AAA0E5B9B}.Profiling|Win32.Build.0 = Profiling|Win32
		{E78E5FB5-E057-44FF-A6BD-B31AAA0E5B9B}.Release_UedDLL|Win32.ActiveCfg = ReleaseFast|Win32
		{E78E5FB5-E057-44FF-A6BD-B31AAA0E5B9B}.Release_UedDLL|Win32.Build.0 = ReleaseFast|Win32
		{E78E5FB5-E057-44FF-A6BD-B31AAA0E5B9B}.Release|Win32.ActiveCfg = Release|Win32
		{E78E5FB5-E057-44FF-A6BD-B31AAA0E5B9B}.Release|Win32.Build.0 = Release|Win32
		{E78E5FB5-E057-44FF-A6BD-B31AAA0E5B9B}.ReleaseDLL|Win32.ActiveCfg = ReleaseFast|Win32
		{E78E5FB5-E057-44FF-A6BD-B31AAA0E5B9B}.ReleaseFast|Win32.ActiveCfg = ReleaseFast|Win32
		{E78E5FB5-E057-44FF-A6BD-B31AAA0E5B9B}.ReleaseFast|Win32.Build.0 = ReleaseFast|Win32
		{E78E5FB5-E057-44FF-A6BD-B31AAA0E5B9B}.SystemFiles|Win32.ActiveCfg = Profiling|Win32
		{E78E5FB5-E057-44FF-A6BD-B31AAA0E5B9B}.SystemFiles|Win32.Build.0 = Profiling|Win32
		{E78E5FB5-E057-44FF-A6BD-B31AAA0E5B9B}.UnrealScript|Win32.ActiveCfg = Profiling|Win32
		{E78E5FB5-E057-44FF-A6BD-B31AAA0E5B9B}.UnrealScript|Win32.Build.0 = Profiling|Win32
		{107F4088-DEF5-45D4-ACA1-02E68BF50F6B}.Debug_AMD64|Win32.ActiveCfg = Debug_AMD64|Win32
		{107F4088-DEF5-45D4-ACA1-02E68BF50F6B}.Debug_AMD64|Win32.Build.0 = Debug_AMD64|Win32
		{107F4088-DEF5-45D4-ACA1-02E68BF50F6B}.Debug|Win32.ActiveCfg = Debug|Win32
		{107F4088-DEF5-45D4-ACA1-02E68BF50F6B}.Debug|Win32.Build.0 = Debug|Win32
		{107F4088-DEF5-45D4-ACA1-02E68BF50F6B}.DebugDLL|Win32.ActiveCfg = Debug_AMD64|Win32
		{107F4088-DEF5-45D4-ACA1-02E68BF50F6B}.DebugSlow|Win32.ActiveCfg = Debug|Win32
		{107F4088-DEF5-45D4-ACA1-02E68BF50F6B}.DebugSlow|Win32.Build.0 = Debug|Win32
		{107F4088-DEF5-45D4-ACA1-02E68BF50F6B}.Profiling|Win32.ActiveCfg = Release|Win32
		{107F4088-DEF5-45D4-ACA1-02E68BF50F6B}.Profiling|Win32.Build.0 = Release|Win32
		{107F4088-DEF5-45D4-ACA1-02E68BF50F6B}.Release_UedDLL|Win32.ActiveCfg = Release|Win32
		{107F4088-DEF5-45D4-ACA1-02E68BF50F6B}.Release_UedDLL|Win32.Build.0 = Release|Win32
		{107F4088-DEF5-45D4-ACA1-02E68BF50F6B}.Release|Win32.ActiveCfg = Release|Win32
		{107F4088-DEF5-45D4-ACA1-02E68BF50F6B}.Release|Win32.Build.0 = Release|Win32
		{107F4088-DEF5-45D4-ACA1-02E68BF50F6B}.ReleaseDLL|Win32.ActiveCfg = Release|Win32
		{107F4088-DEF5-45D4-ACA1-02E68BF50F6B}.ReleaseFast|Win32.ActiveCfg = Release|Win32
		{107F4088-DEF5-45D4-ACA1-02E68BF50F6B}.ReleaseFast|Win32.Build.0 = Release|Win32
		{107F4088-DEF5-45D4-ACA1-02E68BF50F6B}.SystemFiles|Win32.ActiveCfg = Release|Win32
		{107F4088-DEF5-45D4-ACA1-02E68BF50F6B}.SystemFiles|Win32.Build.0 = Release|Win32
		{107F4088-DEF5-45D4-ACA1-02E68BF50F6B}.UnrealScript|Win32.ActiveCfg = Release|Win32
		{107F4088-DEF5-45D4-ACA1-02E68BF50F6B}.UnrealScript|Win32.Build.0 = Release|Win32
		{7C94D95F-2F2D-4FE0-9CF2-AAE4BE6D545A}.Debug_AMD64|Win32.ActiveCfg = Debug|Win32
		{7C94D95F-2F2D-4FE0-9CF2-AAE4BE6D545A}.Debug_AMD64|Win32.Build.0 = Debug|Win32
		{7C94D95F-2F2D-4FE0-9CF2-AAE4BE6D545A}.Debug|Win32.ActiveCfg = Debug|Win32
		{7C94D95F-2F2D-4FE0-9CF2-AAE4BE6D545A}.Debug|Win32.Build.0 = Debug|Win32
		{7C94D95F-2F2D-4FE0-9CF2-AAE4BE6D545A}.DebugDLL|Win32.ActiveCfg = Debug|Win32
		{7C94D95F-2F2D-4FE0-9CF2-AAE4BE6D545A}.DebugDLL|Win32.Build.0 = Debug|Win32
		{7C94D95F-2F2D-4FE0-9CF2-AAE4BE6D545A}.DebugSlow|Win32.ActiveCfg = Debug|Win32
		{7C94D95F-2F2D-4FE0-9CF2-AAE4BE6D545A}.DebugSlow|Win32.Build.0 = Debug|Win32
		{7C94D95F-2F2D-4FE0-9CF2-AAE4BE6D545A}.Profiling|Win32.ActiveCfg = Release|Win32
		{7C94D95F-2F2D-4FE0-9CF2-AAE4BE6D545A}.Profiling|Win32.Build.0 = Release|Win32
		{7C94D95F-2F2D-4FE0-9CF2-AAE4BE6D545A}.Release_UedDLL|Win32.ActiveCfg = Release|Win32
		{7C94D95F-2F2D-4FE0-9CF2-AAE4BE6D545A}.Release_UedDLL|Win32.Build.0 = Release|Win32
		{7C94D95F-2F2D-4FE0-9CF2-AAE4BE6D545A}.Release|Win32.ActiveCfg = Release|Win32
		{7C94D95F-2F2D-4FE0-9CF2-AAE4BE6D545A}.Release|Win32.Build.0 = Release|Win32
		{7C94D95F-2F2D-4FE0-9CF2-AAE4BE6D545A}.ReleaseDLL|Win32.ActiveCfg = Release|Win32
		{7C94D95F-2F2D-4FE0-9CF2-AAE4BE6D545A}.ReleaseDLL|Win32.Build.0 = Release|Win32
		{7C94D95F-2F2D-4FE0-9CF2-AAE4BE6D545A}.ReleaseFast|Win32.ActiveCfg = Release|Win32
		{7C94D95F-2F2D-4FE0-9CF2-AAE4BE6D545A}.ReleaseFast|Win32.Build.0 = Release|Win32
		{7C94D95F-2F2D-4FE0-9CF2-AAE4BE6D545A}.SystemFiles|Win32.ActiveCfg = Release|Win32
		{7C94D95F-2F2D-4FE0-9CF2-AAE4BE6D545A}.SystemFiles|Win32.Build.0 = Release|Win32
		{7C94D95F-2F2D-4FE0-9CF2-AAE4BE6D545A}.UnrealScript|Win32.ActiveCfg = Release|Win32
		{7C94D95F-2F2D-4FE0-9CF2-AAE4BE6D545A}.UnrealScript|Win32.Build.0 = Release|Win32
		{F2508EB8-3BEB-415C-A8B4-CCC701CF74EC}.Debug_AMD64|Win32.ActiveCfg = Debug|Win32
		{F2508EB8-3BEB-415C-A8B4-CCC701CF74EC}.Debug_AMD64|Win32.Build.0 = Debug|Win32
		{F2508EB8-3BEB-415C-A8B4-CCC701CF74EC}.Debug|Win32.ActiveCfg = Debug|Win32
		{F2508EB8-3BEB-415C-A8B4-CCC701CF74EC}.Debug|Win32.Build.0 = Debug|Win32
		{F2508EB8-3BEB-415C-A8B4-CCC701CF74EC}.DebugDLL|Win32.ActiveCfg = Debug|Win32
		{F2508EB8-3BEB-415C-A8B4-CCC701CF74EC}.DebugDLL|Win32.Build.0 = Debug|Win32
		{F2508EB8-3BEB-415C-A8B4-CCC701CF74EC}.DebugSlow|Win32.ActiveCfg = Debug|Win32
		{F2508EB8-3BEB-415C-A8B4-CCC701CF74EC}.DebugSlow|Win32.Build.0 = Debug|Win32
		{F2508EB8-3BEB-415C-A8B4-CCC701CF74EC}.Profiling|Win32.ActiveCfg = Release|Win32
		{F2508EB8-3BEB-415C-A8B4-CCC701CF74EC}.Profiling|Win32.Build.0 = Release|Win32
		{F2508EB8-3BEB-415C-A8B4-CCC701CF74EC}.Release_UedDLL|Win32.ActiveCfg = Release|Win32
		{F2508EB8-3BEB-415C-A8B4-CCC701CF74EC}.Release_UedDLL|Win32.Build.0 = Release|Win32
		{F2508EB8-3BEB-415C-A8B4-CCC701CF74EC}.Release|Win32.ActiveCfg = Release|Win32
		{F2508EB8-3BEB-415C-A8B4-CCC701CF74EC}.Release|Win32.Build.0 = Release|Win32
		{F2508EB8-3BEB-415C-A8B4-CCC701CF74EC}.ReleaseDLL|Win32.ActiveCfg = Release|Win32
		{F2508EB8-3BEB-415C-A8B4-CCC701CF74EC}.ReleaseDLL|Win32.Build.0 = Release|Win32
		{F2508EB8-3BEB-415C-A8B4-CCC701CF74EC}.ReleaseFast|Win32.ActiveCfg = Release|Win32
		{F2508EB8-3BEB-415C-A8B4-CCC701CF74EC}.ReleaseFast|Win32.Build.0 = Release|Win32
		{F2508EB8-3BEB-415C-A8B4-CCC701CF74EC}.SystemFiles|Win32.ActiveCfg = Release|Win32
		{F2508EB8-3BEB-415C-A8B4-CCC701CF74EC}.SystemFiles|Win32.Build.0 = Release|Win32
		{F2508EB8-3BEB-415C-A8B4-CCC701CF74EC}.UnrealScript|Win32.ActiveCfg = Release|Win32
		{F2508EB8-3BEB-415C-A8B4-CCC701CF74EC}.UnrealScript|Win32.Build.0 = Release|Win32
		{82F1CB24-B63E-4955-9CF5-F25D6F7CFA76}.Debug_AMD64|Win32.ActiveCfg = Debug|Win32
		{82F1CB24-B63E-4955-9CF5-F25D6F7CFA76}.Debug_AMD64|Win32.Build.0 = Debug|Win32
		{82F1CB24-B63E-4955-9CF5-F25D6F7CFA76}.Debug|Win32.ActiveCfg = Debug|Win32
		{82F1CB24-B63E-4955-9CF5-F25D6F7CFA76}.Debug|Win32.Build.0 = Debug|Win32
		{82F1CB24-B63E-4955-9CF5-F25D6F7CFA76}.DebugDLL|Win32.ActiveCfg = Debug|Win32
		{82F1CB24-B63E-4955-9CF5-F25D6F7CFA76}.DebugDLL|Win32.Build.0 = Debug|Win32
		{82F1CB24-B63E-4955-9CF5-F25D6F7CFA76}.DebugSlow|Win32.ActiveCfg = Debug|Win32
		{82F1CB24-B63E-4955-9CF5-F25D6F7CFA76}.DebugSlow|Win32.Build.0 = Debug|Win32
		{82F1CB24-B63E-4955-9CF5-F25D6F7CFA76}.Profiling|Win32.ActiveCfg = Release|Win32
		{82F1CB24-B63E-4955-9CF5-F25D6F7CFA76}.Profiling|Win32.Build.0 = Release|Win32
		{82F1CB24-B63E-4955-9CF5-F25D6F7CFA76}.Release_UedDLL|Win32.ActiveCfg = Release|Win32
		{82F1CB24-B63E-4955-9CF5-F25D6F7CFA76}.Release_UedDLL|Win32.Build.0 = Release|Win32
		{82F1CB24-B63E-4955-9CF5-F25D6F7CFA76}.Release|Win32.ActiveCfg = Release|Win32
		{82F1CB24-B63E-4955-9CF5-F25D6F7CFA76}.Release|Win32.Build.0 = Release|Win32
		{82F1CB24-B63E-4955-9CF5-F25D6F7CFA76}.ReleaseDLL|Win32.ActiveCfg = Release|Win32
		{82F1CB24-B63E-4955-9CF5-F25D6F7CFA76}.ReleaseDLL|Win32.Build.0 = Release|Win32
		{82F1CB24-B63E-4955-9CF5-F25D6F7CFA76}.ReleaseFast|Win32.ActiveCfg = Release|Win32
		{82F1CB24-B63E-4955-9CF5-F25D6F7CFA76}.ReleaseFast|Win32.Build.0 = Release|Win32
		{82F1CB24-B63E-4955-9CF5-F25D6F7CFA76}.SystemFiles|Win32.ActiveCfg = Release|Win32
		{82F1CB24-B63E-4955-9CF5-F25D6F7CFA76}.SystemFiles|Win32.Build.0 = Release|Win32
		{82F1CB24-B63E-4955-9CF5-F25D6F7CFA76}.UnrealScript|Win32.ActiveCfg = Release|Win32
		{82F1CB24-B63E-4955-9CF5-F25D6F7CFA76}.UnrealScript|Win32.Build.0 = Release|Win32
		{7FFFBFC8-D503-4732-8011-B6D6AC43761D}.Debug_AMD64|Win32.ActiveCfg = DebugSlow|Win32
		{7FFFBFC8-D503-4732-8011-B6D6AC43761D}.Debug_AMD64|Win32.Build.0 = DebugSlow|Win32
		{7FFFBFC8-D503-4732-8011-B6D6AC43761D}.Debug|Win32.ActiveCfg = Debug|Win32
		{7FFFBFC8-D503-4732-8011-B6D6AC43761D}.Debug|Win32.Build.0 = Debug|Win32
		{7FFFBFC8-D503-4732-8011-B6D6AC43761D}.DebugDLL|Win32.ActiveCfg = DebugSlow|Win32
		{7FFFBFC8-D503-4732-8011-B6D6AC43761D}.DebugDLL|Win32.Build.0 = DebugSlow|Win32
		{7FFFBFC8-D503-4732-8011-B6D6AC43761D}.DebugSlow|Win32.ActiveCfg = DebugSlow|Win32
		{7FFFBFC8-D503-4732-8011-B6D6AC43761D}.DebugSlow|Win32.Build.0 = DebugSlow|Win32
		{7FFFBFC8-D503-4732-8011-B6D6AC43761D}.Profiling|Win32.ActiveCfg = Profiling|Win32
		{7FFFBFC8-D503-4732-8011-B6D6AC43761D}.Profiling|Win32.Build.0 = Profiling|Win32
		{7FFFBFC8-D503-4732-8011-B6D6AC43761D}.Release_UedDLL|Win32.ActiveCfg = ReleaseFast|Win32
		{7FFFBFC8-D503-4732-8011-B6D6AC43761D}.Release_UedDLL|Win32.Build.0 = ReleaseFast|Win32
		{7FFFBFC8-D503-4732-8011-B6D6AC43761D}.Release|Win32.ActiveCfg = Release|Win32
		{7FFFBFC8-D503-4732-8011-B6D6AC43761D}.Release|Win32.Build.0 = Release|Win32
		{7FFFBFC8-D503-4732-8011-B6D6AC43761D}.ReleaseDLL|Win32.ActiveCfg = ReleaseFast|Win32
		{7FFFBFC8-D503-4732-8011-B6D6AC43761D}.ReleaseDLL|Win32.Build.0 = ReleaseFast|Win32
		{7FFFBFC8-D503-4732-8011-B6D6AC43761D}.ReleaseFast|Win32.ActiveCfg = ReleaseFast|Win32
		{7FFFBFC8-D503-4732-8011-B6D6AC43761D}.ReleaseFast|Win32.Build.0 = ReleaseFast|Win32
		{7FFFBFC8-D503-4732-8011-B6D6AC43761D}.SystemFiles|Win32.ActiveCfg = Profiling|Win32
		{7FFFBFC8-D503-4732-8011-B6D6AC43761D}.SystemFiles|Win32.Build.0 = Profiling|Win32
		{7FFFBFC8-D503-4732-8011-B6D6AC43761D}.UnrealScript|Win32.ActiveCfg = Profiling|Win32
		{7FFFBFC8-D503-4732-8011-B6D6AC43761D}.UnrealScript|Win32.Build.0 = Profiling|Win32
	EndGlobalSection
	GlobalSection(SolutionProperties) = preSolution
		HideSolutionNode = FALSE
	EndGlobalSection
EndGlobal
